// !$*UTF8*$!
{
	archiveVersion = 1;
	classes = {
	};
	objectVersion = 42;
	objects = {

/* Begin PBXBuildFile section */
		700BD6360B4AE97B006D9F18 /* COPYING in Resources */ = {isa = PBXBuildFile; fileRef = 700BD6350B4AE97B006D9F18 /* COPYING */; };
		700BD6470B4AEBCD006D9F18 /* NAProtocols.h in Headers */ = {isa = PBXBuildFile; fileRef = 703042880B3B68A80034D4FA /* NAProtocols.h */; settings = {ATTRIBUTES = (Public, ); }; };
		700BD6850B4AEE57006D9F18 /* NAPluginDocument.m in Sources */ = {isa = PBXBuildFile; fileRef = 700BD6840B4AEE57006D9F18 /* NAPluginDocument.m */; };
		700BD69B0B4B02F5006D9F18 /* NAProtocolDecoder.h in Headers */ = {isa = PBXBuildFile; fileRef = 700BD69A0B4B02F5006D9F18 /* NAProtocolDecoder.h */; settings = {ATTRIBUTES = (Public, ); }; };
		700BD6A80B4B0C27006D9F18 /* NAInternetAddress.m in Sources */ = {isa = PBXBuildFile; fileRef = 70303E740B3A03CF0034D4FA /* NAInternetAddress.m */; };
		700BD6C00B4B0E92006D9F18 /* NAPlugin.framework in CopyFiles */ = {isa = PBXBuildFile; fileRef = 700BD6420B4AEB9E006D9F18 /* NAPlugin.framework */; };
		700BD6C10B4B0EA9006D9F18 /* NAPlugin.framework in Frameworks */ = {isa = PBXBuildFile; fileRef = 700BD6420B4AEB9E006D9F18 /* NAPlugin.framework */; };
		700BD6D20B4B0EFB006D9F18 /* NAInternetAddress.h in Headers */ = {isa = PBXBuildFile; fileRef = 70303E730B3A03CF0034D4FA /* NAInternetAddress.h */; settings = {ATTRIBUTES = (Public, ); }; };
		700BD6DE0B4B0F9F006D9F18 /* NAUtils.h in Headers */ = {isa = PBXBuildFile; fileRef = 70303E770B3A03CF0034D4FA /* NAUtils.h */; settings = {ATTRIBUTES = (Public, ); }; };
		700BD6DF0B4B0FA6006D9F18 /* NAUtils.m in Sources */ = {isa = PBXBuildFile; fileRef = 70303E780B3A03CF0034D4FA /* NAUtils.m */; };
		700C73190B56D53D0083B786 /* NADecodedPacketSummary.h in Headers */ = {isa = PBXBuildFile; fileRef = 700C73170B56D53D0083B786 /* NADecodedPacketSummary.h */; settings = {ATTRIBUTES = (Public, ); }; };
		700C731A0B56D53D0083B786 /* NADecodedPacketSummary.m in Sources */ = {isa = PBXBuildFile; fileRef = 700C73180B56D53D0083B786 /* NADecodedPacketSummary.m */; };
		700C73410B5816540083B786 /* NetUnmodernICMPDecoder.m in Sources */ = {isa = PBXBuildFile; fileRef = 700C73400B5816540083B786 /* NetUnmodernICMPDecoder.m */; };
		700C73470B5816750083B786 /* icmpProtocolKeys.strings in Resources */ = {isa = PBXBuildFile; fileRef = 700C73460B5816750083B786 /* icmpProtocolKeys.strings */; };
		700C73D40B5839E10083B786 /* NAIP.h in Headers */ = {isa = PBXBuildFile; fileRef = 700C73D20B5839E10083B786 /* NAIP.h */; settings = {ATTRIBUTES = (Public, ); }; };
		700C76020B5868420083B786 /* NADNSCache.h in Headers */ = {isa = PBXBuildFile; fileRef = 700C76000B5868420083B786 /* NADNSCache.h */; };
		700C76030B5868420083B786 /* NADNSCache.m in Sources */ = {isa = PBXBuildFile; fileRef = 700C76010B5868420083B786 /* NADNSCache.m */; };
		70303E7B0B3A03CF0034D4FA /* NANetworkDevice.m in Sources */ = {isa = PBXBuildFile; fileRef = 70303E760B3A03CF0034D4FA /* NANetworkDevice.m */; };
		70303E8E0B3A07BD0034D4FA /* SenTestingKit.framework in Frameworks */ = {isa = PBXBuildFile; fileRef = 70303E8D0B3A07BD0034D4FA /* SenTestingKit.framework */; };
		70303E9D0B3A07E30034D4FA /* NAUtilsTest.m in Sources */ = {isa = PBXBuildFile; fileRef = 70303E920B3A07E30034D4FA /* NAUtilsTest.m */; };
		70303E9E0B3A07E30034D4FA /* NAUtilsTest2.m in Sources */ = {isa = PBXBuildFile; fileRef = 70303E940B3A07E30034D4FA /* NAUtilsTest2.m */; };
		70303E9F0B3A07E30034D4FA /* NAUtilsTest3.m in Sources */ = {isa = PBXBuildFile; fileRef = 70303E960B3A07E30034D4FA /* NAUtilsTest3.m */; };
		70303EA00B3A07E30034D4FA /* NAUtilsTest4.m in Sources */ = {isa = PBXBuildFile; fileRef = 70303E980B3A07E30034D4FA /* NAUtilsTest4.m */; };
		70303EA30B3A08120034D4FA /* AppIcon.icns in Resources */ = {isa = PBXBuildFile; fileRef = 70303EA20B3A08120034D4FA /* AppIcon.icns */; };
		70303EA90B3A09CB0034D4FA /* NAUtils.m in Sources */ = {isa = PBXBuildFile; fileRef = 70303E780B3A03CF0034D4FA /* NAUtils.m */; };
		70303EB70B3A19900034D4FA /* CapFile.icns in Resources */ = {isa = PBXBuildFile; fileRef = 70303EB60B3A19900034D4FA /* CapFile.icns */; };
		70303F560B3A547A0034D4FA /* NACaptureSession.m in Sources */ = {isa = PBXBuildFile; fileRef = 70303F550B3A547A0034D4FA /* NACaptureSession.m */; };
		70303FEE0B3B145F0034D4FA /* NAPCAPFilterView.m in Sources */ = {isa = PBXBuildFile; fileRef = 70303FED0B3B145F0034D4FA /* NAPCAPFilterView.m */; };
		7030406C0B3B2EC30034D4FA /* ToolbarCapture.tiff in Resources */ = {isa = PBXBuildFile; fileRef = 7030406B0B3B2EC30034D4FA /* ToolbarCapture.tiff */; };
		703040C20B3B3D6A0034D4FA /* NACapturedPacket.m in Sources */ = {isa = PBXBuildFile; fileRef = 703040C10B3B3D6A0034D4FA /* NACapturedPacket.m */; };
		703041C30B3B58A00034D4FA /* Panels.nib in Resources */ = {isa = PBXBuildFile; fileRef = 703041C20B3B58A00034D4FA /* Panels.nib */; };
		7030429C0B3B827D0034D4FA /* FilterView.nib in Resources */ = {isa = PBXBuildFile; fileRef = 7030429B0B3B827D0034D4FA /* FilterView.nib */; };
		7030429F0B3B844B0034D4FA /* NAPCAPFilterViewContainer.m in Sources */ = {isa = PBXBuildFile; fileRef = 7030429E0B3B844B0034D4FA /* NAPCAPFilterViewContainer.m */; };
		70351B300B4B142E0091D42A /* NAInternetProtocolDecoder.h in Headers */ = {isa = PBXBuildFile; fileRef = 70351B2F0B4B142E0091D42A /* NAInternetProtocolDecoder.h */; settings = {ATTRIBUTES = (Public, ); }; };
		70351B500B4B16EC0091D42A /* NetUnmodernIPProtocolDecoder.m in Sources */ = {isa = PBXBuildFile; fileRef = 70351B4F0B4B16EC0091D42A /* NetUnmodernIPProtocolDecoder.m */; };
		70351B580B4B18690091D42A /* IPDecoder.naplugin in CopyFiles */ = {isa = PBXBuildFile; fileRef = 70351B410B4B165D0091D42A /* IPDecoder.naplugin */; };
		70351BAF0B4B21150091D42A /* NAPluginController.m in Sources */ = {isa = PBXBuildFile; fileRef = 70351BAD0B4B21150091D42A /* NAPluginController.m */; };
		70351C230B4B3ED70091D42A /* NetUnmodernTCPDecoder.m in Sources */ = {isa = PBXBuildFile; fileRef = 70351C220B4B3ED70091D42A /* NetUnmodernTCPDecoder.m */; };
		70351C340B4B407D0091D42A /* TCPDecoder.naplugin in CopyFiles */ = {isa = PBXBuildFile; fileRef = 70351C1A0B4B3E620091D42A /* TCPDecoder.naplugin */; };
		70351C6A0B4B40ED0091D42A /* NAAbstractInternetProtocolDecoder.h in Headers */ = {isa = PBXBuildFile; fileRef = 70351C680B4B40ED0091D42A /* NAAbstractInternetProtocolDecoder.h */; settings = {ATTRIBUTES = (Public, ); }; };
		70351C6B0B4B40ED0091D42A /* NAAbstractInternetProtocolDecoder.m in Sources */ = {isa = PBXBuildFile; fileRef = 70351C690B4B40ED0091D42A /* NAAbstractInternetProtocolDecoder.m */; };
		70351CAD0B4B449F0091D42A /* NetUnmodernIPv6Decoder.m in Sources */ = {isa = PBXBuildFile; fileRef = 70351CAC0B4B449F0091D42A /* NetUnmodernIPv6Decoder.m */; };
		70351CBE0B4B458B0091D42A /* IPv6Decoder.naplugin in CopyFiles */ = {isa = PBXBuildFile; fileRef = 70351CA60B4B44240091D42A /* IPv6Decoder.naplugin */; };
		70351CEE0B4C3E200091D42A /* NAPlugin.m in Sources */ = {isa = PBXBuildFile; fileRef = 70351CEC0B4C3E200091D42A /* NAPlugin.m */; };
		70351D3A0B4C5B2D0091D42A /* PlugIn.icns in Resources */ = {isa = PBXBuildFile; fileRef = 70351D390B4C5B2D0091D42A /* PlugIn.icns */; };
		70351E080B4C999C0091D42A /* NAPluginRegistry.h in Headers */ = {isa = PBXBuildFile; fileRef = 70351E060B4C999C0091D42A /* NAPluginRegistry.h */; settings = {ATTRIBUTES = (Public, ); }; };
		70351E090B4C999C0091D42A /* NAPluginRegistry.m in Sources */ = {isa = PBXBuildFile; fileRef = 70351E070B4C999C0091D42A /* NAPluginRegistry.m */; };
		70351E1B0B4F11AA0091D42A /* NADecodedPacket.m in Sources */ = {isa = PBXBuildFile; fileRef = 70351E190B4F11AA0091D42A /* NADecodedPacket.m */; };
		70351F530B4F31CC0091D42A /* NADecodedItem.h in Headers */ = {isa = PBXBuildFile; fileRef = 70351F510B4F31CC0091D42A /* NADecodedItem.h */; settings = {ATTRIBUTES = (Public, ); }; };
		70351F540B4F31CC0091D42A /* NADecodedItem.m in Sources */ = {isa = PBXBuildFile; fileRef = 70351F520B4F31CC0091D42A /* NADecodedItem.m */; };
		703521B20B52F19F0091D42A /* ethProtocolKeys.strings in Resources */ = {isa = PBXBuildFile; fileRef = 703521B10B52F19F0091D42A /* ethProtocolKeys.strings */; };
		703522450B52F5C70091D42A /* ip6ProtocolKeys.strings in Resources */ = {isa = PBXBuildFile; fileRef = 703522440B52F5C70091D42A /* ip6ProtocolKeys.strings */; };
		7035224D0B52F60B0091D42A /* tcpProtocolKeys.strings in Resources */ = {isa = PBXBuildFile; fileRef = 7035224C0B52F60B0091D42A /* tcpProtocolKeys.strings */; };
		703522570B52F63E0091D42A /* ipProtocolKeys.strings in Resources */ = {isa = PBXBuildFile; fileRef = 703522560B52F63E0091D42A /* ipProtocolKeys.strings */; };
		703523A10B530A120091D42A /* NAController.m in Sources */ = {isa = PBXBuildFile; fileRef = 7035239F0B530A120091D42A /* NAController.m */; };
		703524CD0B5328890091D42A /* NetUnmodernARPDecoder.m in Sources */ = {isa = PBXBuildFile; fileRef = 703524CC0B5328890091D42A /* NetUnmodernARPDecoder.m */; };
		703524D70B5328BD0091D42A /* arpProtocolKeys.strings in Resources */ = {isa = PBXBuildFile; fileRef = 703524D60B5328BD0091D42A /* arpProtocolKeys.strings */; };
		703524EA0B5329630091D42A /* ARPDecoder.naplugin in CopyFiles */ = {isa = PBXBuildFile; fileRef = 703524CA0B53283E0091D42A /* ARPDecoder.naplugin */; };
		7035256B0B533D4E0091D42A /* NAEthernetDecoder.h in Headers */ = {isa = PBXBuildFile; fileRef = 70351DFC0B4C8EC20091D42A /* NAEthernetDecoder.h */; settings = {ATTRIBUTES = (Public, ); }; };
		7050ED910BC78E1F0065F95D /* NAPacketHexView.h in CopyFiles */ = {isa = PBXBuildFile; fileRef = 7050ED8F0BC78E1F0065F95D /* NAPacketHexView.h */; };
		7050ED920BC78E1F0065F95D /* NAPacketHexView.m in Sources */ = {isa = PBXBuildFile; fileRef = 7050ED900BC78E1F0065F95D /* NAPacketHexView.m */; };
		708BA33F0BCCCE0E0017C491 /* Copying.rtf in Resources */ = {isa = PBXBuildFile; fileRef = 708BA33E0BCCCE0E0017C491 /* Copying.rtf */; };
		708BA3A20BCDBC780017C491 /* NAInnerScrollView.h in CopyFiles */ = {isa = PBXBuildFile; fileRef = 708BA3A00BCDBC780017C491 /* NAInnerScrollView.h */; };
		708BA3A30BCDBC780017C491 /* NAInnerScrollView.m in Sources */ = {isa = PBXBuildFile; fileRef = 708BA3A10BCDBC780017C491 /* NAInnerScrollView.m */; };
		709920550B557DE9004EA2E8 /* NAOutlineView.m in Sources */ = {isa = PBXBuildFile; fileRef = 709920530B557DE9004EA2E8 /* NAOutlineView.m */; };
		70AEB0C70B4B139F007D1494 /* NATCPProtocolDecoder.h in Headers */ = {isa = PBXBuildFile; fileRef = 70AEB0C60B4B139F007D1494 /* NATCPProtocolDecoder.h */; settings = {ATTRIBUTES = (Public, ); }; };
		70BB753D0B3E060A00334A9E /* NAFiltersView.m in Sources */ = {isa = PBXBuildFile; fileRef = 70BB753C0B3E060A00334A9E /* NAFiltersView.m */; };
		70CCBE180B54A6E100645A2B /* libpcap.dylib in Frameworks */ = {isa = PBXBuildFile; fileRef = 70CCBE170B54A6E100645A2B /* libpcap.dylib */; };
		70CCBE190B54A6E100645A2B /* libpcap.dylib in Frameworks */ = {isa = PBXBuildFile; fileRef = 70CCBE170B54A6E100645A2B /* libpcap.dylib */; };
		70CCBE840B54BC0E00645A2B /* udpProtocolKeys.strings in Resources */ = {isa = PBXBuildFile; fileRef = 70CCBE830B54BC0E00645A2B /* udpProtocolKeys.strings */; };
		70CCBE8B0B54BCD400645A2B /* NetUnmodernUDPDecoder.m in Sources */ = {isa = PBXBuildFile; fileRef = 70CCBE8A0B54BCD400645A2B /* NetUnmodernUDPDecoder.m */; };
		70CCBEB80B54C24500645A2B /* UDPDecoder.naplugin in CopyFiles */ = {isa = PBXBuildFile; fileRef = 70CCBE750B54BB4700645A2B /* UDPDecoder.naplugin */; };
		70E7194E0B3E3C37000EC368 /* Security.framework in Frameworks */ = {isa = PBXBuildFile; fileRef = 70E719190B3E3C37000EC368 /* Security.framework */; };
		70E719E40B3E6039000EC368 /* CaptureHelper in Resources */ = {isa = PBXBuildFile; fileRef = 70E719DD0B3E5FAC000EC368 /* CaptureHelper */; };
		70E71A860B3E73DB000EC368 /* helper.c in Sources */ = {isa = PBXBuildFile; fileRef = 70E719ED0B3E607D000EC368 /* helper.c */; };
		8D15AC2C0486D014006FF6A4 /* Credits.rtf in Resources */ = {isa = PBXBuildFile; fileRef = 2A37F4B9FDCFA73011CA2CEA /* Credits.rtf */; };
		8D15AC2D0486D014006FF6A4 /* MainMenu.nib in Resources */ = {isa = PBXBuildFile; fileRef = 2A37F4B6FDCFA73011CA2CEA /* MainMenu.nib */; };
		8D15AC2E0486D014006FF6A4 /* NADocument.nib in Resources */ = {isa = PBXBuildFile; fileRef = 2A37F4B4FDCFA73011CA2CEA /* NADocument.nib */; };
		8D15AC2F0486D014006FF6A4 /* InfoPlist.strings in Resources */ = {isa = PBXBuildFile; fileRef = 089C165FFE840EACC02AAC07 /* InfoPlist.strings */; };
		8D15AC310486D014006FF6A4 /* NADocument.m in Sources */ = {isa = PBXBuildFile; fileRef = 2A37F4ACFDCFA73011CA2CEA /* NADocument.m */; settings = {ATTRIBUTES = (); }; };
		8D15AC320486D014006FF6A4 /* main.m in Sources */ = {isa = PBXBuildFile; fileRef = 2A37F4B0FDCFA73011CA2CEA /* main.m */; settings = {ATTRIBUTES = (); }; };
		8D15AC340486D014006FF6A4 /* Cocoa.framework in Frameworks */ = {isa = PBXBuildFile; fileRef = 1058C7A7FEA54F5311CA2CBB /* Cocoa.framework */; };
/* End PBXBuildFile section */

/* Begin PBXContainerItemProxy section */
		700BD6A20B4B0BCF006D9F18 /* PBXContainerItemProxy */ = {
			isa = PBXContainerItemProxy;
			containerPortal = 2A37F4A9FDCFA73011CA2CEA /* Project object */;
			proxyType = 1;
			remoteGlobalIDString = 700BD6410B4AEB9E006D9F18;
			remoteInfo = NAPlugin;
		};
		70351B590B4B18830091D42A /* PBXContainerItemProxy */ = {
			isa = PBXContainerItemProxy;
			containerPortal = 2A37F4A9FDCFA73011CA2CEA /* Project object */;
			proxyType = 1;
			remoteGlobalIDString = 70351B400B4B165D0091D42A;
			remoteInfo = IPDecoder;
		};
		70351B5B0B4B18870091D42A /* PBXContainerItemProxy */ = {
			isa = PBXContainerItemProxy;
			containerPortal = 2A37F4A9FDCFA73011CA2CEA /* Project object */;
			proxyType = 1;
			remoteGlobalIDString = 700BD6410B4AEB9E006D9F18;
			remoteInfo = NAPlugin;
		};
		70351C1F0B4B3E930091D42A /* PBXContainerItemProxy */ = {
			isa = PBXContainerItemProxy;
			containerPortal = 2A37F4A9FDCFA73011CA2CEA /* Project object */;
			proxyType = 1;
			remoteGlobalIDString = 700BD6410B4AEB9E006D9F18;
			remoteInfo = NAPlugin;
		};
		70351C350B4B40850091D42A /* PBXContainerItemProxy */ = {
			isa = PBXContainerItemProxy;
			containerPortal = 2A37F4A9FDCFA73011CA2CEA /* Project object */;
			proxyType = 1;
			remoteGlobalIDString = 70351C190B4B3E620091D42A;
			remoteInfo = TCPDecoder;
		};
		70351CB80B4B457E0091D42A /* PBXContainerItemProxy */ = {
			isa = PBXContainerItemProxy;
			containerPortal = 2A37F4A9FDCFA73011CA2CEA /* Project object */;
			proxyType = 1;
			remoteGlobalIDString = 700BD6410B4AEB9E006D9F18;
			remoteInfo = NAPlugin;
		};
		70351CC10B4B45930091D42A /* PBXContainerItemProxy */ = {
			isa = PBXContainerItemProxy;
			containerPortal = 2A37F4A9FDCFA73011CA2CEA /* Project object */;
			proxyType = 1;
			remoteGlobalIDString = 70351CA50B4B44240091D42A;
			remoteInfo = IPv6Decoder;
		};
		703524E20B5329300091D42A /* PBXContainerItemProxy */ = {
			isa = PBXContainerItemProxy;
			containerPortal = 2A37F4A9FDCFA73011CA2CEA /* Project object */;
			proxyType = 1;
			remoteGlobalIDString = 703524C90B53283E0091D42A;
			remoteInfo = ARPDecoder;
		};
		7080FF390B5495EE0079ABA6 /* PBXContainerItemProxy */ = {
			isa = PBXContainerItemProxy;
			containerPortal = 2A37F4A9FDCFA73011CA2CEA /* Project object */;
			proxyType = 1;
			remoteGlobalIDString = 700BD6410B4AEB9E006D9F18;
			remoteInfo = NAPlugin;
		};
		70CCBEB60B54C22F00645A2B /* PBXContainerItemProxy */ = {
			isa = PBXContainerItemProxy;
			containerPortal = 2A37F4A9FDCFA73011CA2CEA /* Project object */;
			proxyType = 1;
			remoteGlobalIDString = 70CCBE740B54BB4700645A2B;
			remoteInfo = UDPDecoder;
		};
		70E719E20B3E600F000EC368 /* PBXContainerItemProxy */ = {
			isa = PBXContainerItemProxy;
			containerPortal = 2A37F4A9FDCFA73011CA2CEA /* Project object */;
			proxyType = 1;
			remoteGlobalIDString = 70E719DC0B3E5FAC000EC368;
			remoteInfo = CaptureHelper;
		};
/* End PBXContainerItemProxy section */

/* Begin PBXCopyFilesBuildPhase section */
		700BD6BE0B4B0E7C006D9F18 /* CopyFiles */ = {
			isa = PBXCopyFilesBuildPhase;
			buildActionMask = 2147483647;
			dstPath = "";
			dstSubfolderSpec = 10;
			files = (
				700BD6C00B4B0E92006D9F18 /* NAPlugin.framework in CopyFiles */,
				7050ED910BC78E1F0065F95D /* NAPacketHexView.h in CopyFiles */,
				708BA3A20BCDBC780017C491 /* NAInnerScrollView.h in CopyFiles */,
			);
			runOnlyForDeploymentPostprocessing = 0;
		};
		70351B550B4B184B0091D42A /* CopyFiles */ = {
			isa = PBXCopyFilesBuildPhase;
			buildActionMask = 2147483647;
			dstPath = "";
			dstSubfolderSpec = 13;
			files = (
				703524EA0B5329630091D42A /* ARPDecoder.naplugin in CopyFiles */,
				70351CBE0B4B458B0091D42A /* IPv6Decoder.naplugin in CopyFiles */,
				70351C340B4B407D0091D42A /* TCPDecoder.naplugin in CopyFiles */,
				70351B580B4B18690091D42A /* IPDecoder.naplugin in CopyFiles */,
				70CCBEB80B54C24500645A2B /* UDPDecoder.naplugin in CopyFiles */,
			);
			runOnlyForDeploymentPostprocessing = 0;
		};
/* End PBXCopyFilesBuildPhase section */

/* Begin PBXFileReference section */
		089C1660FE840EACC02AAC07 /* English */ = {isa = PBXFileReference; fileEncoding = 10; lastKnownFileType = text.plist.strings; name = English; path = English.lproj/InfoPlist.strings; sourceTree = "<group>"; };
		1058C7A7FEA54F5311CA2CBB /* Cocoa.framework */ = {isa = PBXFileReference; lastKnownFileType = wrapper.framework; name = Cocoa.framework; path = /System/Library/Frameworks/Cocoa.framework; sourceTree = "<absolute>"; };
		13E42FBA07B3F13500E4EEF1 /* CoreData.framework */ = {isa = PBXFileReference; lastKnownFileType = wrapper.framework; name = CoreData.framework; path = /System/Library/Frameworks/CoreData.framework; sourceTree = "<absolute>"; };
		2A37F4ACFDCFA73011CA2CEA /* NADocument.m */ = {isa = PBXFileReference; fileEncoding = 4; lastKnownFileType = sourcecode.c.objc; path = NADocument.m; sourceTree = "<group>"; };
		2A37F4AEFDCFA73011CA2CEA /* NADocument.h */ = {isa = PBXFileReference; fileEncoding = 4; lastKnownFileType = sourcecode.c.h; path = NADocument.h; sourceTree = "<group>"; };
		2A37F4B0FDCFA73011CA2CEA /* main.m */ = {isa = PBXFileReference; fileEncoding = 4; lastKnownFileType = sourcecode.c.objc; path = main.m; sourceTree = "<group>"; };
		2A37F4B5FDCFA73011CA2CEA /* English */ = {isa = PBXFileReference; lastKnownFileType = wrapper.nib; name = English; path = English.lproj/NADocument.nib; sourceTree = "<group>"; };
		2A37F4B7FDCFA73011CA2CEA /* English */ = {isa = PBXFileReference; lastKnownFileType = wrapper.nib; name = English; path = English.lproj/MainMenu.nib; sourceTree = "<group>"; };
		2A37F4BAFDCFA73011CA2CEA /* English */ = {isa = PBXFileReference; lastKnownFileType = text.rtf; name = English; path = English.lproj/Credits.rtf; sourceTree = "<group>"; };
		2A37F4C4FDCFA73011CA2CEA /* AppKit.framework */ = {isa = PBXFileReference; lastKnownFileType = wrapper.framework; name = AppKit.framework; path = /System/Library/Frameworks/AppKit.framework; sourceTree = "<absolute>"; };
		2A37F4C5FDCFA73011CA2CEA /* Foundation.framework */ = {isa = PBXFileReference; lastKnownFileType = wrapper.framework; name = Foundation.framework; path = /System/Library/Frameworks/Foundation.framework; sourceTree = "<absolute>"; };
		32DBCF750370BD2300C91783 /* Network Analyzer_Prefix.pch */ = {isa = PBXFileReference; fileEncoding = 4; lastKnownFileType = sourcecode.c.h; path = "Network Analyzer_Prefix.pch"; sourceTree = "<group>"; };
		700BD6350B4AE97B006D9F18 /* COPYING */ = {isa = PBXFileReference; fileEncoding = 30; lastKnownFileType = text; path = COPYING; sourceTree = "<group>"; };
		700BD6420B4AEB9E006D9F18 /* NAPlugin.framework */ = {isa = PBXFileReference; explicitFileType = wrapper.framework; includeInIndex = 0; path = NAPlugin.framework; sourceTree = BUILT_PRODUCTS_DIR; };
		700BD6430B4AEB9E006D9F18 /* NAPlugin-Info.plist */ = {isa = PBXFileReference; lastKnownFileType = text.xml; path = "NAPlugin-Info.plist"; sourceTree = "<group>"; };
		700BD6830B4AEE57006D9F18 /* NAPluginDocument.h */ = {isa = PBXFileReference; fileEncoding = 4; lastKnownFileType = sourcecode.c.h; path = NAPluginDocument.h; sourceTree = "<group>"; };
		700BD6840B4AEE57006D9F18 /* NAPluginDocument.m */ = {isa = PBXFileReference; fileEncoding = 4; lastKnownFileType = sourcecode.c.objc; path = NAPluginDocument.m; sourceTree = "<group>"; };
		700BD69A0B4B02F5006D9F18 /* NAProtocolDecoder.h */ = {isa = PBXFileReference; fileEncoding = 4; lastKnownFileType = sourcecode.c.h; path = NAProtocolDecoder.h; sourceTree = "<group>"; };
		700C73170B56D53D0083B786 /* NADecodedPacketSummary.h */ = {isa = PBXFileReference; fileEncoding = 4; lastKnownFileType = sourcecode.c.h; path = NADecodedPacketSummary.h; sourceTree = "<group>"; };
		700C73180B56D53D0083B786 /* NADecodedPacketSummary.m */ = {isa = PBXFileReference; fileEncoding = 4; lastKnownFileType = sourcecode.c.objc; path = NADecodedPacketSummary.m; sourceTree = "<group>"; };
		700C73310B58159C0083B786 /* ICMPDecoder.bundle */ = {isa = PBXFileReference; explicitFileType = wrapper.cfbundle; includeInIndex = 0; path = ICMPDecoder.bundle; sourceTree = BUILT_PRODUCTS_DIR; };
		700C73320B58159C0083B786 /* ICMPDecoder-Info.plist */ = {isa = PBXFileReference; lastKnownFileType = text.xml; path = "ICMPDecoder-Info.plist"; sourceTree = "<group>"; };
		700C733F0B5816540083B786 /* NetUnmodernICMPDecoder.h */ = {isa = PBXFileReference; fileEncoding = 4; lastKnownFileType = sourcecode.c.h; path = NetUnmodernICMPDecoder.h; sourceTree = "<group>"; };
		700C73400B5816540083B786 /* NetUnmodernICMPDecoder.m */ = {isa = PBXFileReference; fileEncoding = 4; lastKnownFileType = sourcecode.c.objc; path = NetUnmodernICMPDecoder.m; sourceTree = "<group>"; };
		700C73420B58166D0083B786 /* English */ = {isa = PBXFileReference; fileEncoding = 4; lastKnownFileType = text.plist.strings; name = English; path = English.lproj/icmpProtocolKeys.strings; sourceTree = "<group>"; };
		700C73D20B5839E10083B786 /* NAIP.h */ = {isa = PBXFileReference; fileEncoding = 4; lastKnownFileType = sourcecode.c.h; path = NAIP.h; sourceTree = "<group>"; };
		700C76000B5868420083B786 /* NADNSCache.h */ = {isa = PBXFileReference; fileEncoding = 4; lastKnownFileType = sourcecode.c.h; path = NADNSCache.h; sourceTree = "<group>"; };
		700C76010B5868420083B786 /* NADNSCache.m */ = {isa = PBXFileReference; fileEncoding = 4; lastKnownFileType = sourcecode.c.objc; path = NADNSCache.m; sourceTree = "<group>"; };
		70303E700B3A03CF0034D4FA /* NAConstants.h */ = {isa = PBXFileReference; fileEncoding = 30; lastKnownFileType = sourcecode.c.h; path = NAConstants.h; sourceTree = "<group>"; };
		70303E730B3A03CF0034D4FA /* NAInternetAddress.h */ = {isa = PBXFileReference; fileEncoding = 30; lastKnownFileType = sourcecode.c.h; path = NAInternetAddress.h; sourceTree = "<group>"; };
		70303E740B3A03CF0034D4FA /* NAInternetAddress.m */ = {isa = PBXFileReference; fileEncoding = 30; lastKnownFileType = sourcecode.c.objc; path = NAInternetAddress.m; sourceTree = "<group>"; };
		70303E750B3A03CF0034D4FA /* NANetworkDevice.h */ = {isa = PBXFileReference; fileEncoding = 30; lastKnownFileType = sourcecode.c.h; path = NANetworkDevice.h; sourceTree = "<group>"; };
		70303E760B3A03CF0034D4FA /* NANetworkDevice.m */ = {isa = PBXFileReference; fileEncoding = 30; lastKnownFileType = sourcecode.c.objc; path = NANetworkDevice.m; sourceTree = "<group>"; };
		70303E770B3A03CF0034D4FA /* NAUtils.h */ = {isa = PBXFileReference; fileEncoding = 30; lastKnownFileType = sourcecode.c.h; path = NAUtils.h; sourceTree = "<group>"; };
		70303E780B3A03CF0034D4FA /* NAUtils.m */ = {isa = PBXFileReference; fileEncoding = 30; lastKnownFileType = sourcecode.c.objc; path = NAUtils.m; sourceTree = "<group>"; };
		70303E880B3A07820034D4FA /* Unit Tests.octest */ = {isa = PBXFileReference; explicitFileType = wrapper.cfbundle; includeInIndex = 0; path = "Unit Tests.octest"; sourceTree = BUILT_PRODUCTS_DIR; };
		70303E890B3A07820034D4FA /* Unit Tests-Info.plist */ = {isa = PBXFileReference; lastKnownFileType = text.xml; path = "Unit Tests-Info.plist"; sourceTree = "<group>"; };
		70303E8D0B3A07BD0034D4FA /* SenTestingKit.framework */ = {isa = PBXFileReference; lastKnownFileType = wrapper.framework; name = SenTestingKit.framework; path = /System/Library/Frameworks/SenTestingKit.framework; sourceTree = "<absolute>"; };
		70303E910B3A07E30034D4FA /* NAUtilsTest.h */ = {isa = PBXFileReference; fileEncoding = 30; lastKnownFileType = sourcecode.c.h; path = NAUtilsTest.h; sourceTree = "<group>"; };
		70303E920B3A07E30034D4FA /* NAUtilsTest.m */ = {isa = PBXFileReference; fileEncoding = 30; lastKnownFileType = sourcecode.c.objc; path = NAUtilsTest.m; sourceTree = "<group>"; };
		70303E930B3A07E30034D4FA /* NAUtilsTest2.h */ = {isa = PBXFileReference; fileEncoding = 30; lastKnownFileType = sourcecode.c.h; path = NAUtilsTest2.h; sourceTree = "<group>"; };
		70303E940B3A07E30034D4FA /* NAUtilsTest2.m */ = {isa = PBXFileReference; fileEncoding = 30; lastKnownFileType = sourcecode.c.objc; path = NAUtilsTest2.m; sourceTree = "<group>"; };
		70303E950B3A07E30034D4FA /* NAUtilsTest3.h */ = {isa = PBXFileReference; fileEncoding = 30; lastKnownFileType = sourcecode.c.h; path = NAUtilsTest3.h; sourceTree = "<group>"; };
		70303E960B3A07E30034D4FA /* NAUtilsTest3.m */ = {isa = PBXFileReference; fileEncoding = 30; lastKnownFileType = sourcecode.c.objc; path = NAUtilsTest3.m; sourceTree = "<group>"; };
		70303E970B3A07E30034D4FA /* NAUtilsTest4.h */ = {isa = PBXFileReference; fileEncoding = 30; lastKnownFileType = sourcecode.c.h; path = NAUtilsTest4.h; sourceTree = "<group>"; };
		70303E980B3A07E30034D4FA /* NAUtilsTest4.m */ = {isa = PBXFileReference; fileEncoding = 30; lastKnownFileType = sourcecode.c.objc; path = NAUtilsTest4.m; sourceTree = "<group>"; };
		70303E990B3A07E30034D4FA /* NAUtilsTestData.h */ = {isa = PBXFileReference; fileEncoding = 30; lastKnownFileType = sourcecode.c.h; path = NAUtilsTestData.h; sourceTree = "<group>"; };
		70303E9A0B3A07E30034D4FA /* NAUtilsTestData2.h */ = {isa = PBXFileReference; fileEncoding = 30; lastKnownFileType = sourcecode.c.h; path = NAUtilsTestData2.h; sourceTree = "<group>"; };
		70303E9B0B3A07E30034D4FA /* NAUtilsTestData3.h */ = {isa = PBXFileReference; fileEncoding = 30; lastKnownFileType = sourcecode.c.h; path = NAUtilsTestData3.h; sourceTree = "<group>"; };
		70303E9C0B3A07E30034D4FA /* NAUtilsTestData4.h */ = {isa = PBXFileReference; fileEncoding = 30; lastKnownFileType = sourcecode.c.h; path = NAUtilsTestData4.h; sourceTree = "<group>"; };
		70303EA20B3A08120034D4FA /* AppIcon.icns */ = {isa = PBXFileReference; lastKnownFileType = image.icns; path = AppIcon.icns; sourceTree = "<group>"; };
		70303EB60B3A19900034D4FA /* CapFile.icns */ = {isa = PBXFileReference; lastKnownFileType = image.icns; path = CapFile.icns; sourceTree = "<group>"; };
		70303F540B3A547A0034D4FA /* NACaptureSession.h */ = {isa = PBXFileReference; fileEncoding = 4; lastKnownFileType = sourcecode.c.h; path = NACaptureSession.h; sourceTree = "<group>"; };
		70303F550B3A547A0034D4FA /* NACaptureSession.m */ = {isa = PBXFileReference; fileEncoding = 4; lastKnownFileType = sourcecode.c.objc; path = NACaptureSession.m; sourceTree = "<group>"; };
		70303FEC0B3B145F0034D4FA /* NAPCAPFilterView.h */ = {isa = PBXFileReference; fileEncoding = 30; lastKnownFileType = sourcecode.c.h; path = NAPCAPFilterView.h; sourceTree = "<group>"; };
		70303FED0B3B145F0034D4FA /* NAPCAPFilterView.m */ = {isa = PBXFileReference; fileEncoding = 30; lastKnownFileType = sourcecode.c.objc; path = NAPCAPFilterView.m; sourceTree = "<group>"; };
		7030406B0B3B2EC30034D4FA /* ToolbarCapture.tiff */ = {isa = PBXFileReference; lastKnownFileType = image.tiff; path = ToolbarCapture.tiff; sourceTree = "<group>"; };
		703040C00B3B3D6A0034D4FA /* NACapturedPacket.h */ = {isa = PBXFileReference; fileEncoding = 4; lastKnownFileType = sourcecode.c.h; path = NACapturedPacket.h; sourceTree = "<group>"; };
		703040C10B3B3D6A0034D4FA /* NACapturedPacket.m */ = {isa = PBXFileReference; fileEncoding = 4; lastKnownFileType = sourcecode.c.objc; path = NACapturedPacket.m; sourceTree = "<group>"; };
		703041C20B3B58A00034D4FA /* Panels.nib */ = {isa = PBXFileReference; lastKnownFileType = wrapper.nib; path = Panels.nib; sourceTree = "<group>"; };
		703042880B3B68A80034D4FA /* NAProtocols.h */ = {isa = PBXFileReference; fileEncoding = 4; lastKnownFileType = sourcecode.c.h; path = NAProtocols.h; sourceTree = "<group>"; };
		7030429B0B3B827D0034D4FA /* FilterView.nib */ = {isa = PBXFileReference; lastKnownFileType = wrapper.nib; path = FilterView.nib; sourceTree = "<group>"; };
		7030429D0B3B844B0034D4FA /* NAPCAPFilterViewContainer.h */ = {isa = PBXFileReference; fileEncoding = 4; lastKnownFileType = sourcecode.c.h; path = NAPCAPFilterViewContainer.h; sourceTree = "<group>"; };
		7030429E0B3B844B0034D4FA /* NAPCAPFilterViewContainer.m */ = {isa = PBXFileReference; fileEncoding = 4; lastKnownFileType = sourcecode.c.objc; path = NAPCAPFilterViewContainer.m; sourceTree = "<group>"; };
		70351B2F0B4B142E0091D42A /* NAInternetProtocolDecoder.h */ = {isa = PBXFileReference; fileEncoding = 30; lastKnownFileType = sourcecode.c.h; path = NAInternetProtocolDecoder.h; sourceTree = "<group>"; };
		70351B410B4B165D0091D42A /* IPDecoder.naplugin */ = {isa = PBXFileReference; explicitFileType = wrapper.cfbundle; includeInIndex = 0; path = IPDecoder.naplugin; sourceTree = BUILT_PRODUCTS_DIR; };
		70351B420B4B165D0091D42A /* IPDecoder-Info.plist */ = {isa = PBXFileReference; lastKnownFileType = text.xml; path = "IPDecoder-Info.plist"; sourceTree = "<group>"; };
		70351B4E0B4B16EC0091D42A /* NetUnmodernIPProtocolDecoder.h */ = {isa = PBXFileReference; fileEncoding = 4; lastKnownFileType = sourcecode.c.h; path = NetUnmodernIPProtocolDecoder.h; sourceTree = "<group>"; };
		70351B4F0B4B16EC0091D42A /* NetUnmodernIPProtocolDecoder.m */ = {isa = PBXFileReference; fileEncoding = 4; lastKnownFileType = sourcecode.c.objc; path = NetUnmodernIPProtocolDecoder.m; sourceTree = "<group>"; };
		70351BAC0B4B21150091D42A /* NAPluginController.h */ = {isa = PBXFileReference; fileEncoding = 4; lastKnownFileType = sourcecode.c.h; path = NAPluginController.h; sourceTree = "<group>"; };
		70351BAD0B4B21150091D42A /* NAPluginController.m */ = {isa = PBXFileReference; fileEncoding = 4; lastKnownFileType = sourcecode.c.objc; path = NAPluginController.m; sourceTree = "<group>"; };
		70351C1A0B4B3E620091D42A /* TCPDecoder.naplugin */ = {isa = PBXFileReference; explicitFileType = wrapper.cfbundle; includeInIndex = 0; path = TCPDecoder.naplugin; sourceTree = BUILT_PRODUCTS_DIR; };
		70351C1B0B4B3E620091D42A /* TCPDecoder-Info.plist */ = {isa = PBXFileReference; lastKnownFileType = text.xml; path = "TCPDecoder-Info.plist"; sourceTree = "<group>"; };
		70351C210B4B3ED70091D42A /* NetUnmodernTCPDecoder.h */ = {isa = PBXFileReference; fileEncoding = 4; lastKnownFileType = sourcecode.c.h; path = NetUnmodernTCPDecoder.h; sourceTree = "<group>"; };
		70351C220B4B3ED70091D42A /* NetUnmodernTCPDecoder.m */ = {isa = PBXFileReference; fileEncoding = 4; lastKnownFileType = sourcecode.c.objc; path = NetUnmodernTCPDecoder.m; sourceTree = "<group>"; };
		70351C680B4B40ED0091D42A /* NAAbstractInternetProtocolDecoder.h */ = {isa = PBXFileReference; fileEncoding = 4; lastKnownFileType = sourcecode.c.h; path = NAAbstractInternetProtocolDecoder.h; sourceTree = "<group>"; };
		70351C690B4B40ED0091D42A /* NAAbstractInternetProtocolDecoder.m */ = {isa = PBXFileReference; fileEncoding = 4; lastKnownFileType = sourcecode.c.objc; path = NAAbstractInternetProtocolDecoder.m; sourceTree = "<group>"; };
		70351CA60B4B44240091D42A /* IPv6Decoder.naplugin */ = {isa = PBXFileReference; explicitFileType = wrapper.cfbundle; includeInIndex = 0; path = IPv6Decoder.naplugin; sourceTree = BUILT_PRODUCTS_DIR; };
		70351CA70B4B44240091D42A /* IPv6Decoder-Info.plist */ = {isa = PBXFileReference; lastKnownFileType = text.xml; path = "IPv6Decoder-Info.plist"; sourceTree = "<group>"; };
		70351CAB0B4B449F0091D42A /* NetUnmodernIPv6Decoder.h */ = {isa = PBXFileReference; fileEncoding = 4; lastKnownFileType = sourcecode.c.h; path = NetUnmodernIPv6Decoder.h; sourceTree = "<group>"; };
		70351CAC0B4B449F0091D42A /* NetUnmodernIPv6Decoder.m */ = {isa = PBXFileReference; fileEncoding = 4; lastKnownFileType = sourcecode.c.objc; path = NetUnmodernIPv6Decoder.m; sourceTree = "<group>"; };
		70351CEB0B4C3E200091D42A /* NAPlugin.h */ = {isa = PBXFileReference; fileEncoding = 4; lastKnownFileType = sourcecode.c.h; path = NAPlugin.h; sourceTree = "<group>"; };
		70351CEC0B4C3E200091D42A /* NAPlugin.m */ = {isa = PBXFileReference; fileEncoding = 4; lastKnownFileType = sourcecode.c.objc; path = NAPlugin.m; sourceTree = "<group>"; };
		70351D390B4C5B2D0091D42A /* PlugIn.icns */ = {isa = PBXFileReference; lastKnownFileType = image.icns; path = PlugIn.icns; sourceTree = "<group>"; };
		70351DFC0B4C8EC20091D42A /* NAEthernetDecoder.h */ = {isa = PBXFileReference; fileEncoding = 4; lastKnownFileType = sourcecode.c.h; path = NAEthernetDecoder.h; sourceTree = "<group>"; };
		70351E060B4C999C0091D42A /* NAPluginRegistry.h */ = {isa = PBXFileReference; fileEncoding = 4; lastKnownFileType = sourcecode.c.h; path = NAPluginRegistry.h; sourceTree = "<group>"; };
		70351E070B4C999C0091D42A /* NAPluginRegistry.m */ = {isa = PBXFileReference; fileEncoding = 4; lastKnownFileType = sourcecode.c.objc; path = NAPluginRegistry.m; sourceTree = "<group>"; };
		70351E180B4F11A90091D42A /* NADecodedPacket.h */ = {isa = PBXFileReference; fileEncoding = 4; lastKnownFileType = sourcecode.c.h; path = NADecodedPacket.h; sourceTree = "<group>"; };
		70351E190B4F11AA0091D42A /* NADecodedPacket.m */ = {isa = PBXFileReference; fileEncoding = 4; lastKnownFileType = sourcecode.c.objc; path = NADecodedPacket.m; sourceTree = "<group>"; };
		70351F510B4F31CC0091D42A /* NADecodedItem.h */ = {isa = PBXFileReference; fileEncoding = 4; lastKnownFileType = sourcecode.c.h; path = NADecodedItem.h; sourceTree = "<group>"; };
		70351F520B4F31CC0091D42A /* NADecodedItem.m */ = {isa = PBXFileReference; fileEncoding = 4; lastKnownFileType = sourcecode.c.objc; path = NADecodedItem.m; sourceTree = "<group>"; };
		703521AD0B52F1970091D42A /* English */ = {isa = PBXFileReference; fileEncoding = 4; lastKnownFileType = text.plist.strings; name = English; path = English.lproj/ethProtocolKeys.strings; sourceTree = "<group>"; };
		7035223C0B52F5B30091D42A /* English */ = {isa = PBXFileReference; fileEncoding = 4; lastKnownFileType = text.plist.strings; name = English; path = English.lproj/ip6ProtocolKeys.strings; sourceTree = "<group>"; };
		703522480B52F6050091D42A /* English */ = {isa = PBXFileReference; fileEncoding = 4; lastKnownFileType = text.plist.strings; name = English; path = English.lproj/tcpProtocolKeys.strings; sourceTree = "<group>"; };
		703522500B52F62F0091D42A /* English */ = {isa = PBXFileReference; fileEncoding = 4; lastKnownFileType = text.plist.strings; name = English; path = English.lproj/ipProtocolKeys.strings; sourceTree = "<group>"; };
		7035239F0B530A120091D42A /* NAController.m */ = {isa = PBXFileReference; fileEncoding = 30; lastKnownFileType = sourcecode.c.objc; path = NAController.m; sourceTree = "<group>"; };
		703523A00B530A120091D42A /* NAController.h */ = {isa = PBXFileReference; fileEncoding = 30; lastKnownFileType = sourcecode.c.h; path = NAController.h; sourceTree = "<group>"; };
		703524C20B5327ED0091D42A /* ARPDecoder-Info.plist */ = {isa = PBXFileReference; lastKnownFileType = text.xml; path = "ARPDecoder-Info.plist"; sourceTree = "<group>"; };
		703524CA0B53283E0091D42A /* ARPDecoder.naplugin */ = {isa = PBXFileReference; explicitFileType = wrapper.cfbundle; includeInIndex = 0; path = ARPDecoder.naplugin; sourceTree = BUILT_PRODUCTS_DIR; };
		703524CB0B5328890091D42A /* NetUnmodernARPDecoder.h */ = {isa = PBXFileReference; fileEncoding = 4; lastKnownFileType = sourcecode.c.h; path = NetUnmodernARPDecoder.h; sourceTree = "<group>"; };
		703524CC0B5328890091D42A /* NetUnmodernARPDecoder.m */ = {isa = PBXFileReference; fileEncoding = 4; lastKnownFileType = sourcecode.c.objc; path = NetUnmodernARPDecoder.m; sourceTree = "<group>"; };
		703524D20B5328B60091D42A /* English */ = {isa = PBXFileReference; fileEncoding = 4; lastKnownFileType = text.plist.strings; name = English; path = English.lproj/arpProtocolKeys.strings; sourceTree = "<group>"; };
		7050ED8F0BC78E1F0065F95D /* NAPacketHexView.h */ = {isa = PBXFileReference; fileEncoding = 4; lastKnownFileType = sourcecode.c.h; path = NAPacketHexView.h; sourceTree = "<group>"; };
		7050ED900BC78E1F0065F95D /* NAPacketHexView.m */ = {isa = PBXFileReference; fileEncoding = 4; lastKnownFileType = sourcecode.c.objc; path = NAPacketHexView.m; sourceTree = "<group>"; };
		708BA33E0BCCCE0E0017C491 /* Copying.rtf */ = {isa = PBXFileReference; lastKnownFileType = text.rtf; path = Copying.rtf; sourceTree = "<group>"; };
		708BA3A00BCDBC780017C491 /* NAInnerScrollView.h */ = {isa = PBXFileReference; fileEncoding = 4; lastKnownFileType = sourcecode.c.h; path = NAInnerScrollView.h; sourceTree = "<group>"; };
		708BA3A10BCDBC780017C491 /* NAInnerScrollView.m */ = {isa = PBXFileReference; fileEncoding = 4; lastKnownFileType = sourcecode.c.objc; path = NAInnerScrollView.m; sourceTree = "<group>"; };
		709920520B557DE9004EA2E8 /* NAOutlineView.h */ = {isa = PBXFileReference; fileEncoding = 30; lastKnownFileType = sourcecode.c.h; path = NAOutlineView.h; sourceTree = "<group>"; };
		709920530B557DE9004EA2E8 /* NAOutlineView.m */ = {isa = PBXFileReference; fileEncoding = 30; lastKnownFileType = sourcecode.c.objc; path = NAOutlineView.m; sourceTree = "<group>"; };
		70AEB0C60B4B139F007D1494 /* NATCPProtocolDecoder.h */ = {isa = PBXFileReference; fileEncoding = 4; lastKnownFileType = sourcecode.c.h; path = NATCPProtocolDecoder.h; sourceTree = "<group>"; };
		70BB753B0B3E060A00334A9E /* NAFiltersView.h */ = {isa = PBXFileReference; fileEncoding = 4; lastKnownFileType = sourcecode.c.h; path = NAFiltersView.h; sourceTree = "<group>"; };
		70BB753C0B3E060A00334A9E /* NAFiltersView.m */ = {isa = PBXFileReference; fileEncoding = 4; lastKnownFileType = sourcecode.c.objc; path = NAFiltersView.m; sourceTree = "<group>"; };
		70CCBE170B54A6E100645A2B /* libpcap.dylib */ = {isa = PBXFileReference; lastKnownFileType = "compiled.mach-o.dylib"; name = libpcap.dylib; path = /usr/lib/libpcap.dylib; sourceTree = "<absolute>"; };
		70CCBE750B54BB4700645A2B /* UDPDecoder.naplugin */ = {isa = PBXFileReference; explicitFileType = wrapper.cfbundle; includeInIndex = 0; path = UDPDecoder.naplugin; sourceTree = BUILT_PRODUCTS_DIR; };
		70CCBE760B54BB4700645A2B /* UDPDecoder-Info.plist */ = {isa = PBXFileReference; lastKnownFileType = text.xml; path = "UDPDecoder-Info.plist"; sourceTree = "<group>"; };
		70CCBE7F0B54BC0600645A2B /* English */ = {isa = PBXFileReference; fileEncoding = 4; lastKnownFileType = text.plist.strings; name = English; path = English.lproj/udpProtocolKeys.strings; sourceTree = "<group>"; };
		70CCBE890B54BCD400645A2B /* NetUnmodernUDPDecoder.h */ = {isa = PBXFileReference; fileEncoding = 4; lastKnownFileType = sourcecode.c.h; path = NetUnmodernUDPDecoder.h; sourceTree = "<group>"; };
		70CCBE8A0B54BCD400645A2B /* NetUnmodernUDPDecoder.m */ = {isa = PBXFileReference; fileEncoding = 4; lastKnownFileType = sourcecode.c.objc; path = NetUnmodernUDPDecoder.m; sourceTree = "<group>"; };
		70E719190B3E3C37000EC368 /* Security.framework */ = {isa = PBXFileReference; lastKnownFileType = wrapper.framework; name = Security.framework; path = /System/Library/Frameworks/Security.framework; sourceTree = "<absolute>"; };
		70E719DD0B3E5FAC000EC368 /* CaptureHelper */ = {isa = PBXFileReference; explicitFileType = "compiled.mach-o.executable"; includeInIndex = 0; path = CaptureHelper; sourceTree = BUILT_PRODUCTS_DIR; };
		70E719ED0B3E607D000EC368 /* helper.c */ = {isa = PBXFileReference; fileEncoding = 4; lastKnownFileType = sourcecode.c.c; path = helper.c; sourceTree = "<group>"; };
		8D15AC360486D014006FF6A4 /* Info.plist */ = {isa = PBXFileReference; fileEncoding = 4; lastKnownFileType = text.plist; path = Info.plist; sourceTree = "<group>"; };
		8D15AC370486D014006FF6A4 /* Network Analyzer.app */ = {isa = PBXFileReference; explicitFileType = wrapper.application; includeInIndex = 0; path = "Network Analyzer.app"; sourceTree = BUILT_PRODUCTS_DIR; };
/* End PBXFileReference section */

/* Begin PBXFrameworksBuildPhase section */
		700BD6400B4AEB9E006D9F18 /* Frameworks */ = {
			isa = PBXFrameworksBuildPhase;
			buildActionMask = 2147483647;
			files = (
			);
			runOnlyForDeploymentPostprocessing = 0;
		};
		700C732F0B58159C0083B786 /* Frameworks */ = {
			isa = PBXFrameworksBuildPhase;
			buildActionMask = 2147483647;
			files = (
			);
			runOnlyForDeploymentPostprocessing = 0;
		};
		70303E850B3A07820034D4FA /* Frameworks */ = {
			isa = PBXFrameworksBuildPhase;
			buildActionMask = 2147483647;
			files = (
				70303E8E0B3A07BD0034D4FA /* SenTestingKit.framework in Frameworks */,
			);
			runOnlyForDeploymentPostprocessing = 0;
		};
		70351B3F0B4B165D0091D42A /* Frameworks */ = {
			isa = PBXFrameworksBuildPhase;
			buildActionMask = 2147483647;
			files = (
			);
			runOnlyForDeploymentPostprocessing = 0;
		};
		70351C180B4B3E620091D42A /* Frameworks */ = {
			isa = PBXFrameworksBuildPhase;
			buildActionMask = 2147483647;
			files = (
			);
			runOnlyForDeploymentPostprocessing = 0;
		};
		70351CA40B4B44240091D42A /* Frameworks */ = {
			isa = PBXFrameworksBuildPhase;
			buildActionMask = 2147483647;
			files = (
			);
			runOnlyForDeploymentPostprocessing = 0;
		};
		703524C80B53283E0091D42A /* Frameworks */ = {
			isa = PBXFrameworksBuildPhase;
			buildActionMask = 2147483647;
			files = (
			);
			runOnlyForDeploymentPostprocessing = 0;
		};
		70CCBE730B54BB4700645A2B /* Frameworks */ = {
			isa = PBXFrameworksBuildPhase;
			buildActionMask = 2147483647;
			files = (
			);
			runOnlyForDeploymentPostprocessing = 0;
		};
		70E719DB0B3E5FAC000EC368 /* Frameworks */ = {
			isa = PBXFrameworksBuildPhase;
			buildActionMask = 2147483647;
			files = (
				70CCBE190B54A6E100645A2B /* libpcap.dylib in Frameworks */,
			);
			runOnlyForDeploymentPostprocessing = 0;
		};
		8D15AC330486D014006FF6A4 /* Frameworks */ = {
			isa = PBXFrameworksBuildPhase;
			buildActionMask = 2147483647;
			files = (
				700BD6C10B4B0EA9006D9F18 /* NAPlugin.framework in Frameworks */,
				8D15AC340486D014006FF6A4 /* Cocoa.framework in Frameworks */,
				70E7194E0B3E3C37000EC368 /* Security.framework in Frameworks */,
				70CCBE180B54A6E100645A2B /* libpcap.dylib in Frameworks */,
			);
			runOnlyForDeploymentPostprocessing = 0;
		};
/* End PBXFrameworksBuildPhase section */

/* Begin PBXGroup section */
		1058C7A6FEA54F5311CA2CBB /* Linked Frameworks */ = {
			isa = PBXGroup;
			children = (
				70E719190B3E3C37000EC368 /* Security.framework */,
				70303E8D0B3A07BD0034D4FA /* SenTestingKit.framework */,
				1058C7A7FEA54F5311CA2CBB /* Cocoa.framework */,
			);
			name = "Linked Frameworks";
			sourceTree = "<group>";
		};
		1058C7A8FEA54F5311CA2CBB /* Other Frameworks */ = {
			isa = PBXGroup;
			children = (
				2A37F4C4FDCFA73011CA2CEA /* AppKit.framework */,
				13E42FBA07B3F13500E4EEF1 /* CoreData.framework */,
				2A37F4C5FDCFA73011CA2CEA /* Foundation.framework */,
			);
			name = "Other Frameworks";
			sourceTree = "<group>";
		};
		19C28FB0FE9D524F11CA2CBB /* Products */ = {
			isa = PBXGroup;
			children = (
				8D15AC370486D014006FF6A4 /* Network Analyzer.app */,
				70303E880B3A07820034D4FA /* Unit Tests.octest */,
				70E719DD0B3E5FAC000EC368 /* CaptureHelper */,
				700BD6420B4AEB9E006D9F18 /* NAPlugin.framework */,
				70351B410B4B165D0091D42A /* IPDecoder.naplugin */,
				70351C1A0B4B3E620091D42A /* TCPDecoder.naplugin */,
				70351CA60B4B44240091D42A /* IPv6Decoder.naplugin */,
				703524CA0B53283E0091D42A /* ARPDecoder.naplugin */,
				70CCBE750B54BB4700645A2B /* UDPDecoder.naplugin */,
				700C73310B58159C0083B786 /* ICMPDecoder.bundle */,
			);
			name = Products;
			sourceTree = "<group>";
		};
		2A37F4AAFDCFA73011CA2CEA /* Network Analyzer */ = {
			isa = PBXGroup;
			children = (
				703524BC0B5327C80091D42A /* ARP Decoder */,
				700C733D0B58161D0083B786 /* ICMP Decoder */,
				70351B4D0B4B16AC0091D42A /* IP Decoder */,
				70351CA10B4B43FD0091D42A /* IPv6 Decoder */,
				70351C150B4B3E3E0091D42A /* TCP Decoder */,
				70CCBE7D0B54BBCF00645A2B /* UDP Decoder */,
				700BD6910B4AEF97006D9F18 /* PlugIn Support */,
				70E719EB0B3E6060000EC368 /* Capture Helper */,
				70303E800B3A07680034D4FA /* Unit Tests */,
				2A37F4ABFDCFA73011CA2CEA /* Classes */,
				2A37F4AFFDCFA73011CA2CEA /* Other Sources */,
				2A37F4B8FDCFA73011CA2CEA /* Resources */,
				2A37F4C3FDCFA73011CA2CEA /* Frameworks */,
				70CCBE140B54A69800645A2B /* Dynamic Libraries */,
				19C28FB0FE9D524F11CA2CBB /* Products */,
				70303E890B3A07820034D4FA /* Unit Tests-Info.plist */,
				703041C20B3B58A00034D4FA /* Panels.nib */,
				7030429B0B3B827D0034D4FA /* FilterView.nib */,
				700BD6430B4AEB9E006D9F18 /* NAPlugin-Info.plist */,
				70351B420B4B165D0091D42A /* IPDecoder-Info.plist */,
				70351C1B0B4B3E620091D42A /* TCPDecoder-Info.plist */,
				70351CA70B4B44240091D42A /* IPv6Decoder-Info.plist */,
				703524C20B5327ED0091D42A /* ARPDecoder-Info.plist */,
				70CCBE760B54BB4700645A2B /* UDPDecoder-Info.plist */,
				700C73320B58159C0083B786 /* ICMPDecoder-Info.plist */,
			);
			name = "Network Analyzer";
			sourceTree = "<group>";
		};
		2A37F4ABFDCFA73011CA2CEA /* Classes */ = {
			isa = PBXGroup;
			children = (
				709920520B557DE9004EA2E8 /* NAOutlineView.h */,
				709920530B557DE9004EA2E8 /* NAOutlineView.m */,
				703040C00B3B3D6A0034D4FA /* NACapturedPacket.h */,
				703040C10B3B3D6A0034D4FA /* NACapturedPacket.m */,
				70303F540B3A547A0034D4FA /* NACaptureSession.h */,
				70303F550B3A547A0034D4FA /* NACaptureSession.m */,
				70303E700B3A03CF0034D4FA /* NAConstants.h */,
				2A37F4AEFDCFA73011CA2CEA /* NADocument.h */,
				2A37F4ACFDCFA73011CA2CEA /* NADocument.m */,
				70303E750B3A03CF0034D4FA /* NANetworkDevice.h */,
				70303E760B3A03CF0034D4FA /* NANetworkDevice.m */,
				70303FEC0B3B145F0034D4FA /* NAPCAPFilterView.h */,
				70303FED0B3B145F0034D4FA /* NAPCAPFilterView.m */,
				7030429D0B3B844B0034D4FA /* NAPCAPFilterViewContainer.h */,
				7030429E0B3B844B0034D4FA /* NAPCAPFilterViewContainer.m */,
				70BB753B0B3E060A00334A9E /* NAFiltersView.h */,
				70BB753C0B3E060A00334A9E /* NAFiltersView.m */,
				700BD6830B4AEE57006D9F18 /* NAPluginDocument.h */,
				700BD6840B4AEE57006D9F18 /* NAPluginDocument.m */,
				70351BAC0B4B21150091D42A /* NAPluginController.h */,
				70351BAD0B4B21150091D42A /* NAPluginController.m */,
				70351CEB0B4C3E200091D42A /* NAPlugin.h */,
				70351CEC0B4C3E200091D42A /* NAPlugin.m */,
				70351E180B4F11A90091D42A /* NADecodedPacket.h */,
				70351E190B4F11AA0091D42A /* NADecodedPacket.m */,
				7035239F0B530A120091D42A /* NAController.m */,
				703523A00B530A120091D42A /* NAController.h */,
				7050ED8F0BC78E1F0065F95D /* NAPacketHexView.h */,
				7050ED900BC78E1F0065F95D /* NAPacketHexView.m */,
				708BA3A00BCDBC780017C491 /* NAInnerScrollView.h */,
				708BA3A10BCDBC780017C491 /* NAInnerScrollView.m */,
			);
			name = Classes;
			sourceTree = "<group>";
		};
		2A37F4AFFDCFA73011CA2CEA /* Other Sources */ = {
			isa = PBXGroup;
			children = (
				32DBCF750370BD2300C91783 /* Network Analyzer_Prefix.pch */,
				2A37F4B0FDCFA73011CA2CEA /* main.m */,
			);
			name = "Other Sources";
			sourceTree = "<group>";
		};
		2A37F4B8FDCFA73011CA2CEA /* Resources */ = {
			isa = PBXGroup;
			children = (
				708BA33E0BCCCE0E0017C491 /* Copying.rtf */,
				70351D390B4C5B2D0091D42A /* PlugIn.icns */,
				700BD6350B4AE97B006D9F18 /* COPYING */,
				7030406B0B3B2EC30034D4FA /* ToolbarCapture.tiff */,
				70303EB60B3A19900034D4FA /* CapFile.icns */,
				70303EA20B3A08120034D4FA /* AppIcon.icns */,
				2A37F4B9FDCFA73011CA2CEA /* Credits.rtf */,
				2A37F4B6FDCFA73011CA2CEA /* MainMenu.nib */,
				2A37F4B4FDCFA73011CA2CEA /* NADocument.nib */,
				8D15AC360486D014006FF6A4 /* Info.plist */,
				089C165FFE840EACC02AAC07 /* InfoPlist.strings */,
				703521B10B52F19F0091D42A /* ethProtocolKeys.strings */,
			);
			name = Resources;
			sourceTree = "<group>";
		};
		2A37F4C3FDCFA73011CA2CEA /* Frameworks */ = {
			isa = PBXGroup;
			children = (
				1058C7A6FEA54F5311CA2CBB /* Linked Frameworks */,
				1058C7A8FEA54F5311CA2CBB /* Other Frameworks */,
			);
			name = Frameworks;
			sourceTree = "<group>";
		};
		700BD6910B4AEF97006D9F18 /* PlugIn Support */ = {
			isa = PBXGroup;
			children = (
				70351B2F0B4B142E0091D42A /* NAInternetProtocolDecoder.h */,
				700BD69A0B4B02F5006D9F18 /* NAProtocolDecoder.h */,
				70303E730B3A03CF0034D4FA /* NAInternetAddress.h */,
				70303E740B3A03CF0034D4FA /* NAInternetAddress.m */,
				703042880B3B68A80034D4FA /* NAProtocols.h */,
				70303E770B3A03CF0034D4FA /* NAUtils.h */,
				70303E780B3A03CF0034D4FA /* NAUtils.m */,
				70AEB0C60B4B139F007D1494 /* NATCPProtocolDecoder.h */,
				70351C680B4B40ED0091D42A /* NAAbstractInternetProtocolDecoder.h */,
				70351C690B4B40ED0091D42A /* NAAbstractInternetProtocolDecoder.m */,
				70351E060B4C999C0091D42A /* NAPluginRegistry.h */,
				70351E070B4C999C0091D42A /* NAPluginRegistry.m */,
				70351F510B4F31CC0091D42A /* NADecodedItem.h */,
				70351F520B4F31CC0091D42A /* NADecodedItem.m */,
				70351DFC0B4C8EC20091D42A /* NAEthernetDecoder.h */,
				700C73170B56D53D0083B786 /* NADecodedPacketSummary.h */,
				700C73180B56D53D0083B786 /* NADecodedPacketSummary.m */,
				700C73D20B5839E10083B786 /* NAIP.h */,
				700C76000B5868420083B786 /* NADNSCache.h */,
				700C76010B5868420083B786 /* NADNSCache.m */,
			);
			name = "PlugIn Support";
			sourceTree = "<group>";
		};
		700C733D0B58161D0083B786 /* ICMP Decoder */ = {
			isa = PBXGroup;
			children = (
				700C733E0B5816330083B786 /* Resources */,
				700C733F0B5816540083B786 /* NetUnmodernICMPDecoder.h */,
				700C73400B5816540083B786 /* NetUnmodernICMPDecoder.m */,
			);
			name = "ICMP Decoder";
			sourceTree = "<group>";
		};
		700C733E0B5816330083B786 /* Resources */ = {
			isa = PBXGroup;
			children = (
				700C73460B5816750083B786 /* icmpProtocolKeys.strings */,
			);
			name = Resources;
			sourceTree = "<group>";
		};
		70303E800B3A07680034D4FA /* Unit Tests */ = {
			isa = PBXGroup;
			children = (
				70303E910B3A07E30034D4FA /* NAUtilsTest.h */,
				70303E920B3A07E30034D4FA /* NAUtilsTest.m */,
				70303E930B3A07E30034D4FA /* NAUtilsTest2.h */,
				70303E940B3A07E30034D4FA /* NAUtilsTest2.m */,
				70303E950B3A07E30034D4FA /* NAUtilsTest3.h */,
				70303E960B3A07E30034D4FA /* NAUtilsTest3.m */,
				70303E970B3A07E30034D4FA /* NAUtilsTest4.h */,
				70303E980B3A07E30034D4FA /* NAUtilsTest4.m */,
				70303E990B3A07E30034D4FA /* NAUtilsTestData.h */,
				70303E9A0B3A07E30034D4FA /* NAUtilsTestData2.h */,
				70303E9B0B3A07E30034D4FA /* NAUtilsTestData3.h */,
				70303E9C0B3A07E30034D4FA /* NAUtilsTestData4.h */,
			);
			name = "Unit Tests";
			sourceTree = "<group>";
		};
		70351B4D0B4B16AC0091D42A /* IP Decoder */ = {
			isa = PBXGroup;
			children = (
				703520F30B52E00A0091D42A /* Resources */,
				70351B4E0B4B16EC0091D42A /* NetUnmodernIPProtocolDecoder.h */,
				70351B4F0B4B16EC0091D42A /* NetUnmodernIPProtocolDecoder.m */,
			);
			name = "IP Decoder";
			sourceTree = "<group>";
		};
		70351C150B4B3E3E0091D42A /* TCP Decoder */ = {
			isa = PBXGroup;
			children = (
				7035216D0B52E4560091D42A /* Resources */,
				70351C210B4B3ED70091D42A /* NetUnmodernTCPDecoder.h */,
				70351C220B4B3ED70091D42A /* NetUnmodernTCPDecoder.m */,
			);
			name = "TCP Decoder";
			sourceTree = "<group>";
		};
		70351CA10B4B43FD0091D42A /* IPv6 Decoder */ = {
			isa = PBXGroup;
			children = (
				703520D40B52DD160091D42A /* Resources */,
				70351CAB0B4B449F0091D42A /* NetUnmodernIPv6Decoder.h */,
				70351CAC0B4B449F0091D42A /* NetUnmodernIPv6Decoder.m */,
			);
			name = "IPv6 Decoder";
			sourceTree = "<group>";
		};
		703520D40B52DD160091D42A /* Resources */ = {
			isa = PBXGroup;
			children = (
				703522440B52F5C70091D42A /* ip6ProtocolKeys.strings */,
			);
			name = Resources;
			sourceTree = "<group>";
		};
		703520F30B52E00A0091D42A /* Resources */ = {
			isa = PBXGroup;
			children = (
				703522560B52F63E0091D42A /* ipProtocolKeys.strings */,
			);
			name = Resources;
			sourceTree = "<group>";
		};
		7035216D0B52E4560091D42A /* Resources */ = {
			isa = PBXGroup;
			children = (
				7035224C0B52F60B0091D42A /* tcpProtocolKeys.strings */,
			);
			name = Resources;
			sourceTree = "<group>";
		};
		703524BC0B5327C80091D42A /* ARP Decoder */ = {
			isa = PBXGroup;
			children = (
				703524D10B5328940091D42A /* Resources */,
				703524CB0B5328890091D42A /* NetUnmodernARPDecoder.h */,
				703524CC0B5328890091D42A /* NetUnmodernARPDecoder.m */,
			);
			name = "ARP Decoder";
			sourceTree = "<group>";
		};
		703524D10B5328940091D42A /* Resources */ = {
			isa = PBXGroup;
			children = (
				703524D60B5328BD0091D42A /* arpProtocolKeys.strings */,
			);
			name = Resources;
			sourceTree = "<group>";
		};
		70CCBE140B54A69800645A2B /* Dynamic Libraries */ = {
			isa = PBXGroup;
			children = (
				70CCBE170B54A6E100645A2B /* libpcap.dylib */,
			);
			name = "Dynamic Libraries";
			sourceTree = "<group>";
		};
		70CCBE7D0B54BBCF00645A2B /* UDP Decoder */ = {
			isa = PBXGroup;
			children = (
				70CCBE7E0B54BBE400645A2B /* Resources */,
				70CCBE890B54BCD400645A2B /* NetUnmodernUDPDecoder.h */,
				70CCBE8A0B54BCD400645A2B /* NetUnmodernUDPDecoder.m */,
			);
			name = "UDP Decoder";
			sourceTree = "<group>";
		};
		70CCBE7E0B54BBE400645A2B /* Resources */ = {
			isa = PBXGroup;
			children = (
				70CCBE830B54BC0E00645A2B /* udpProtocolKeys.strings */,
			);
			name = Resources;
			sourceTree = "<group>";
		};
		70E719EB0B3E6060000EC368 /* Capture Helper */ = {
			isa = PBXGroup;
			children = (
				70E719ED0B3E607D000EC368 /* helper.c */,
			);
			name = "Capture Helper";
			sourceTree = "<group>";
		};
/* End PBXGroup section */

/* Begin PBXHeadersBuildPhase section */
		700BD63D0B4AEB9E006D9F18 /* Headers */ = {
			isa = PBXHeadersBuildPhase;
			buildActionMask = 2147483647;
			files = (
				7035256B0B533D4E0091D42A /* NAEthernetDecoder.h in Headers */,
				700BD6470B4AEBCD006D9F18 /* NAProtocols.h in Headers */,
				700BD69B0B4B02F5006D9F18 /* NAProtocolDecoder.h in Headers */,
				700BD6D20B4B0EFB006D9F18 /* NAInternetAddress.h in Headers */,
				700BD6DE0B4B0F9F006D9F18 /* NAUtils.h in Headers */,
				70AEB0C70B4B139F007D1494 /* NATCPProtocolDecoder.h in Headers */,
				70351B300B4B142E0091D42A /* NAInternetProtocolDecoder.h in Headers */,
				70351C6A0B4B40ED0091D42A /* NAAbstractInternetProtocolDecoder.h in Headers */,
				70351E080B4C999C0091D42A /* NAPluginRegistry.h in Headers */,
				70351F530B4F31CC0091D42A /* NADecodedItem.h in Headers */,
				700C73190B56D53D0083B786 /* NADecodedPacketSummary.h in Headers */,
				700C73D40B5839E10083B786 /* NAIP.h in Headers */,
				700C76020B5868420083B786 /* NADNSCache.h in Headers */,
			);
			runOnlyForDeploymentPostprocessing = 0;
		};
/* End PBXHeadersBuildPhase section */

/* Begin PBXNativeTarget section */
		700BD6410B4AEB9E006D9F18 /* NAPlugin */ = {
			isa = PBXNativeTarget;
			buildConfigurationList = 700BD6440B4AEB9F006D9F18 /* Build configuration list for PBXNativeTarget "NAPlugin" */;
			buildPhases = (
				700BD63D0B4AEB9E006D9F18 /* Headers */,
				700BD63E0B4AEB9E006D9F18 /* Resources */,
				700BD63F0B4AEB9E006D9F18 /* Sources */,
				700BD6400B4AEB9E006D9F18 /* Frameworks */,
			);
			buildRules = (
			);
			dependencies = (
			);
			name = NAPlugin;
			productName = NAPlugin;
			productReference = 700BD6420B4AEB9E006D9F18 /* NAPlugin.framework */;
			productType = "com.apple.product-type.framework";
		};
		700C73300B58159C0083B786 /* ICMPDecoder */ = {
			isa = PBXNativeTarget;
			buildConfigurationList = 700C73330B58159D0083B786 /* Build configuration list for PBXNativeTarget "ICMPDecoder" */;
			buildPhases = (
				700C732D0B58159C0083B786 /* Resources */,
				700C732E0B58159C0083B786 /* Sources */,
				700C732F0B58159C0083B786 /* Frameworks */,
			);
			buildRules = (
			);
			dependencies = (
			);
			name = ICMPDecoder;
			productName = ICMPDecoder;
			productReference = 700C73310B58159C0083B786 /* ICMPDecoder.bundle */;
			productType = "com.apple.product-type.bundle";
		};
		70303E870B3A07820034D4FA /* Unit Tests */ = {
			isa = PBXNativeTarget;
			buildConfigurationList = 70303E8A0B3A07830034D4FA /* Build configuration list for PBXNativeTarget "Unit Tests" */;
			buildPhases = (
				70303E830B3A07820034D4FA /* Resources */,
				70303E840B3A07820034D4FA /* Sources */,
				70303E850B3A07820034D4FA /* Frameworks */,
				70303E860B3A07820034D4FA /* ShellScript */,
			);
			buildRules = (
			);
			dependencies = (
			);
			name = "Unit Tests";
			productName = "Unit Tests";
			productReference = 70303E880B3A07820034D4FA /* Unit Tests.octest */;
			productType = "com.apple.product-type.bundle";
		};
		70351B400B4B165D0091D42A /* IPDecoder */ = {
			isa = PBXNativeTarget;
			buildConfigurationList = 70351B430B4B165E0091D42A /* Build configuration list for PBXNativeTarget "IPDecoder" */;
			buildPhases = (
				70351B3D0B4B165D0091D42A /* Resources */,
				70351B3E0B4B165D0091D42A /* Sources */,
				70351B3F0B4B165D0091D42A /* Frameworks */,
			);
			buildRules = (
			);
			dependencies = (
				70351B5C0B4B18870091D42A /* PBXTargetDependency */,
			);
			name = IPDecoder;
			productName = IPDecoder;
			productReference = 70351B410B4B165D0091D42A /* IPDecoder.naplugin */;
			productType = "com.apple.product-type.bundle";
		};
		70351C190B4B3E620091D42A /* TCPDecoder */ = {
			isa = PBXNativeTarget;
			buildConfigurationList = 70351C1C0B4B3E630091D42A /* Build configuration list for PBXNativeTarget "TCPDecoder" */;
			buildPhases = (
				70351C160B4B3E620091D42A /* Resources */,
				70351C170B4B3E620091D42A /* Sources */,
				70351C180B4B3E620091D42A /* Frameworks */,
			);
			buildRules = (
			);
			dependencies = (
				70351C200B4B3E930091D42A /* PBXTargetDependency */,
			);
			name = TCPDecoder;
			productName = TCPDecoder;
			productReference = 70351C1A0B4B3E620091D42A /* TCPDecoder.naplugin */;
			productType = "com.apple.product-type.bundle";
		};
		70351CA50B4B44240091D42A /* IPv6Decoder */ = {
			isa = PBXNativeTarget;
			buildConfigurationList = 70351CA80B4B44240091D42A /* Build configuration list for PBXNativeTarget "IPv6Decoder" */;
			buildPhases = (
				70351CA20B4B44240091D42A /* Resources */,
				70351CA30B4B44240091D42A /* Sources */,
				70351CA40B4B44240091D42A /* Frameworks */,
			);
			buildRules = (
			);
			dependencies = (
				70351CB90B4B457E0091D42A /* PBXTargetDependency */,
			);
			name = IPv6Decoder;
			productName = IPv6Decoder;
			productReference = 70351CA60B4B44240091D42A /* IPv6Decoder.naplugin */;
			productType = "com.apple.product-type.bundle";
		};
		703524C90B53283E0091D42A /* ARPDecoder */ = {
			isa = PBXNativeTarget;
			buildConfigurationList = 703524CE0B53288A0091D42A /* Build configuration list for PBXNativeTarget "ARPDecoder" */;
			buildPhases = (
				703524C60B53283E0091D42A /* Resources */,
				703524C70B53283E0091D42A /* Sources */,
				703524C80B53283E0091D42A /* Frameworks */,
			);
			buildRules = (
			);
			dependencies = (
				7080FF3A0B5495EE0079ABA6 /* PBXTargetDependency */,
			);
			name = ARPDecoder;
			productName = ARPDecoder;
			productReference = 703524CA0B53283E0091D42A /* ARPDecoder.naplugin */;
			productType = "com.apple.product-type.bundle";
		};
		70CCBE740B54BB4700645A2B /* UDPDecoder */ = {
			isa = PBXNativeTarget;
			buildConfigurationList = 70CCBE770B54BB4900645A2B /* Build configuration list for PBXNativeTarget "UDPDecoder" */;
			buildPhases = (
				70CCBE710B54BB4700645A2B /* Resources */,
				70CCBE720B54BB4700645A2B /* Sources */,
				70CCBE730B54BB4700645A2B /* Frameworks */,
			);
			buildRules = (
			);
			dependencies = (
			);
			name = UDPDecoder;
			productName = UDPDecoder;
			productReference = 70CCBE750B54BB4700645A2B /* UDPDecoder.naplugin */;
			productType = "com.apple.product-type.bundle";
		};
		70E719DC0B3E5FAC000EC368 /* CaptureHelper */ = {
			isa = PBXNativeTarget;
			buildConfigurationList = 70E719DF0B3E5FCB000EC368 /* Build configuration list for PBXNativeTarget "CaptureHelper" */;
			buildPhases = (
				70E719DA0B3E5FAC000EC368 /* Sources */,
				70E719DB0B3E5FAC000EC368 /* Frameworks */,
			);
			buildRules = (
			);
			dependencies = (
			);
			name = CaptureHelper;
			productName = CaptureHelper;
			productReference = 70E719DD0B3E5FAC000EC368 /* CaptureHelper */;
			productType = "com.apple.product-type.tool";
		};
		8D15AC270486D014006FF6A4 /* Network Analyzer */ = {
			isa = PBXNativeTarget;
			buildConfigurationList = C05733C708A9546B00998B17 /* Build configuration list for PBXNativeTarget "Network Analyzer" */;
			buildPhases = (
				8D15AC2B0486D014006FF6A4 /* Resources */,
				8D15AC300486D014006FF6A4 /* Sources */,
				700BD6BE0B4B0E7C006D9F18 /* CopyFiles */,
				8D15AC330486D014006FF6A4 /* Frameworks */,
				70E71D300B3FCDC5000EC368 /* ShellScript */,
				70351B550B4B184B0091D42A /* CopyFiles */,
			);
			buildRules = (
			);
			dependencies = (
				70E719E30B3E600F000EC368 /* PBXTargetDependency */,
				700BD6A30B4B0BCF006D9F18 /* PBXTargetDependency */,
				703524E30B5329300091D42A /* PBXTargetDependency */,
				70351B5A0B4B18830091D42A /* PBXTargetDependency */,
				70351CC20B4B45930091D42A /* PBXTargetDependency */,
				70351C360B4B40850091D42A /* PBXTargetDependency */,
				70CCBEB70B54C22F00645A2B /* PBXTargetDependency */,
			);
			name = "Network Analyzer";
			productInstallPath = "$(HOME)/Applications";
			productName = "Network Analyzer";
			productReference = 8D15AC370486D014006FF6A4 /* Network Analyzer.app */;
			productType = "com.apple.product-type.application";
		};
/* End PBXNativeTarget section */

/* Begin PBXProject section */
		2A37F4A9FDCFA73011CA2CEA /* Project object */ = {
			isa = PBXProject;
			buildConfigurationList = C05733CB08A9546B00998B17 /* Build configuration list for PBXProject "Network Analyzer" */;
			hasScannedForEncodings = 1;
			mainGroup = 2A37F4AAFDCFA73011CA2CEA /* Network Analyzer */;
			projectDirPath = "";
			targets = (
				8D15AC270486D014006FF6A4 /* Network Analyzer */,
				70303E870B3A07820034D4FA /* Unit Tests */,
				70E719DC0B3E5FAC000EC368 /* CaptureHelper */,
				700BD6410B4AEB9E006D9F18 /* NAPlugin */,
				70351B400B4B165D0091D42A /* IPDecoder */,
				70351C190B4B3E620091D42A /* TCPDecoder */,
				70351CA50B4B44240091D42A /* IPv6Decoder */,
				703524C90B53283E0091D42A /* ARPDecoder */,
				70CCBE740B54BB4700645A2B /* UDPDecoder */,
				700C73300B58159C0083B786 /* ICMPDecoder */,
			);
		};
/* End PBXProject section */

/* Begin PBXResourcesBuildPhase section */
		700BD63E0B4AEB9E006D9F18 /* Resources */ = {
			isa = PBXResourcesBuildPhase;
			buildActionMask = 2147483647;
			files = (
			);
			runOnlyForDeploymentPostprocessing = 0;
		};
		700C732D0B58159C0083B786 /* Resources */ = {
			isa = PBXResourcesBuildPhase;
			buildActionMask = 2147483647;
			files = (
				700C73470B5816750083B786 /* icmpProtocolKeys.strings in Resources */,
			);
			runOnlyForDeploymentPostprocessing = 0;
		};
		70303E830B3A07820034D4FA /* Resources */ = {
			isa = PBXResourcesBuildPhase;
			buildActionMask = 2147483647;
			files = (
			);
			runOnlyForDeploymentPostprocessing = 0;
		};
		70351B3D0B4B165D0091D42A /* Resources */ = {
			isa = PBXResourcesBuildPhase;
			buildActionMask = 2147483647;
			files = (
				703522570B52F63E0091D42A /* ipProtocolKeys.strings in Resources */,
			);
			runOnlyForDeploymentPostprocessing = 0;
		};
		70351C160B4B3E620091D42A /* Resources */ = {
			isa = PBXResourcesBuildPhase;
			buildActionMask = 2147483647;
			files = (
				7035224D0B52F60B0091D42A /* tcpProtocolKeys.strings in Resources */,
			);
			runOnlyForDeploymentPostprocessing = 0;
		};
		70351CA20B4B44240091D42A /* Resources */ = {
			isa = PBXResourcesBuildPhase;
			buildActionMask = 2147483647;
			files = (
				703522450B52F5C70091D42A /* ip6ProtocolKeys.strings in Resources */,
			);
			runOnlyForDeploymentPostprocessing = 0;
		};
		703524C60B53283E0091D42A /* Resources */ = {
			isa = PBXResourcesBuildPhase;
			buildActionMask = 2147483647;
			files = (
				703524D70B5328BD0091D42A /* arpProtocolKeys.strings in Resources */,
			);
			runOnlyForDeploymentPostprocessing = 0;
		};
		70CCBE710B54BB4700645A2B /* Resources */ = {
			isa = PBXResourcesBuildPhase;
			buildActionMask = 2147483647;
			files = (
				70CCBE840B54BC0E00645A2B /* udpProtocolKeys.strings in Resources */,
			);
			runOnlyForDeploymentPostprocessing = 0;
		};
		8D15AC2B0486D014006FF6A4 /* Resources */ = {
			isa = PBXResourcesBuildPhase;
			buildActionMask = 2147483647;
			files = (
				70E719E40B3E6039000EC368 /* CaptureHelper in Resources */,
				8D15AC2C0486D014006FF6A4 /* Credits.rtf in Resources */,
				8D15AC2D0486D014006FF6A4 /* MainMenu.nib in Resources */,
				8D15AC2E0486D014006FF6A4 /* NADocument.nib in Resources */,
				8D15AC2F0486D014006FF6A4 /* InfoPlist.strings in Resources */,
				70303EA30B3A08120034D4FA /* AppIcon.icns in Resources */,
				70303EB70B3A19900034D4FA /* CapFile.icns in Resources */,
				7030406C0B3B2EC30034D4FA /* ToolbarCapture.tiff in Resources */,
				703041C30B3B58A00034D4FA /* Panels.nib in Resources */,
				7030429C0B3B827D0034D4FA /* FilterView.nib in Resources */,
				700BD6360B4AE97B006D9F18 /* COPYING in Resources */,
				70351D3A0B4C5B2D0091D42A /* PlugIn.icns in Resources */,
				703521B20B52F19F0091D42A /* ethProtocolKeys.strings in Resources */,
				708BA33F0BCCCE0E0017C491 /* Copying.rtf in Resources */,
			);
			runOnlyForDeploymentPostprocessing = 0;
		};
/* End PBXResourcesBuildPhase section */

/* Begin PBXShellScriptBuildPhase section */
		70303E860B3A07820034D4FA /* ShellScript */ = {
			isa = PBXShellScriptBuildPhase;
			buildActionMask = 2147483647;
			files = (
			);
			inputPaths = (
			);
			outputPaths = (
			);
			runOnlyForDeploymentPostprocessing = 0;
			shellPath = /bin/sh;
			shellScript = "# Run the unit tests in this test bundle.\n\"${SYSTEM_DEVELOPER_DIR}/Tools/RunUnitTests\"\n";
		};
		70E71D300B3FCDC5000EC368 /* ShellScript */ = {
			isa = PBXShellScriptBuildPhase;
			buildActionMask = 2147483647;
			files = (
			);
			inputPaths = (
			);
			outputPaths = (
			);
			runOnlyForDeploymentPostprocessing = 0;
			shellPath = "/usr/bin/perl -w";
			shellScript = "# Xcode auto-versioning script for Subversion\n# by Axel Andersson, modified by Daniel Jalkut to add\n# \"--revision HEAD\" to the svn info line, which allows\n# the latest revision to always be used.\n\nuse strict;\n\ndie \"$0: Must be run from Xcode\" unless $ENV{\"BUILT_PRODUCTS_DIR\"};\n\n# Get the current subversion revision number and use it to set the CFBundleVersion value\nmy $REV = `/usr/local/bin/svnversion -n ./`;\nmy $INFO = \"$ENV{BUILT_PRODUCTS_DIR}/$ENV{WRAPPER_NAME}/Contents/Info.plist\";\n\nmy $version = $REV;\n\n# (Match the last group of digits and optional letter M/S):\n\n# ugly yet functional (barely) regex by Daniel Jalkut:\n#$version =~ s/([\\d]*:)(\\d+[M|S]*).*/$2/;\n\n# better yet still functional regex via Kevin \"Regex Nerd\" Ballard\n($version =~ m/(\\d+)[MS]*$/) && ($version = $1);\n\ndie \"$0: No Subversion revision found\" unless $version;\n\nopen(FH, \"$INFO\") or die \"$0: $INFO: $!\";\nmy $info = join(\"\", <FH>);\nclose(FH);\n\n$info =~ s/([\\t ]+<key>CFBundleVersion<\\/key>\\n[\\t ]+<string>.*\\().*?(\\)<\\/string>)/$1$version$2/;\n\nopen(FH, \">$INFO\") or die \"$0: $INFO: $!\";\nprint FH $info;\nclose(FH);";
		};
/* End PBXShellScriptBuildPhase section */

/* Begin PBXSourcesBuildPhase section */
		700BD63F0B4AEB9E006D9F18 /* Sources */ = {
			isa = PBXSourcesBuildPhase;
			buildActionMask = 2147483647;
			files = (
				700BD6A80B4B0C27006D9F18 /* NAInternetAddress.m in Sources */,
				700BD6DF0B4B0FA6006D9F18 /* NAUtils.m in Sources */,
				70351C6B0B4B40ED0091D42A /* NAAbstractInternetProtocolDecoder.m in Sources */,
				70351E090B4C999C0091D42A /* NAPluginRegistry.m in Sources */,
				70351F540B4F31CC0091D42A /* NADecodedItem.m in Sources */,
				700C731A0B56D53D0083B786 /* NADecodedPacketSummary.m in Sources */,
				700C76030B5868420083B786 /* NADNSCache.m in Sources */,
			);
			runOnlyForDeploymentPostprocessing = 0;
		};
		700C732E0B58159C0083B786 /* Sources */ = {
			isa = PBXSourcesBuildPhase;
			buildActionMask = 2147483647;
			files = (
				700C73410B5816540083B786 /* NetUnmodernICMPDecoder.m in Sources */,
			);
			runOnlyForDeploymentPostprocessing = 0;
		};
		70303E840B3A07820034D4FA /* Sources */ = {
			isa = PBXSourcesBuildPhase;
			buildActionMask = 2147483647;
			files = (
				70303E9D0B3A07E30034D4FA /* NAUtilsTest.m in Sources */,
				70303E9E0B3A07E30034D4FA /* NAUtilsTest2.m in Sources */,
				70303E9F0B3A07E30034D4FA /* NAUtilsTest3.m in Sources */,
				70303EA00B3A07E30034D4FA /* NAUtilsTest4.m in Sources */,
				70303EA90B3A09CB0034D4FA /* NAUtils.m in Sources */,
			);
			runOnlyForDeploymentPostprocessing = 0;
		};
		70351B3E0B4B165D0091D42A /* Sources */ = {
			isa = PBXSourcesBuildPhase;
			buildActionMask = 2147483647;
			files = (
				70351B500B4B16EC0091D42A /* NetUnmodernIPProtocolDecoder.m in Sources */,
			);
			runOnlyForDeploymentPostprocessing = 0;
		};
		70351C170B4B3E620091D42A /* Sources */ = {
			isa = PBXSourcesBuildPhase;
			buildActionMask = 2147483647;
			files = (
				70351C230B4B3ED70091D42A /* NetUnmodernTCPDecoder.m in Sources */,
			);
			runOnlyForDeploymentPostprocessing = 0;
		};
		70351CA30B4B44240091D42A /* Sources */ = {
			isa = PBXSourcesBuildPhase;
			buildActionMask = 2147483647;
			files = (
				70351CAD0B4B449F0091D42A /* NetUnmodernIPv6Decoder.m in Sources */,
			);
			runOnlyForDeploymentPostprocessing = 0;
		};
		703524C70B53283E0091D42A /* Sources */ = {
			isa = PBXSourcesBuildPhase;
			buildActionMask = 2147483647;
			files = (
				703524CD0B5328890091D42A /* NetUnmodernARPDecoder.m in Sources */,
			);
			runOnlyForDeploymentPostprocessing = 0;
		};
		70CCBE720B54BB4700645A2B /* Sources */ = {
			isa = PBXSourcesBuildPhase;
			buildActionMask = 2147483647;
			files = (
				70CCBE8B0B54BCD400645A2B /* NetUnmodernUDPDecoder.m in Sources */,
			);
			runOnlyForDeploymentPostprocessing = 0;
		};
		70E719DA0B3E5FAC000EC368 /* Sources */ = {
			isa = PBXSourcesBuildPhase;
			buildActionMask = 2147483647;
			files = (
				70E71A860B3E73DB000EC368 /* helper.c in Sources */,
			);
			runOnlyForDeploymentPostprocessing = 0;
		};
		8D15AC300486D014006FF6A4 /* Sources */ = {
			isa = PBXSourcesBuildPhase;
			buildActionMask = 2147483647;
			files = (
				8D15AC310486D014006FF6A4 /* NADocument.m in Sources */,
				8D15AC320486D014006FF6A4 /* main.m in Sources */,
				70303E7B0B3A03CF0034D4FA /* NANetworkDevice.m in Sources */,
				70303F560B3A547A0034D4FA /* NACaptureSession.m in Sources */,
				70303FEE0B3B145F0034D4FA /* NAPCAPFilterView.m in Sources */,
				703040C20B3B3D6A0034D4FA /* NACapturedPacket.m in Sources */,
				7030429F0B3B844B0034D4FA /* NAPCAPFilterViewContainer.m in Sources */,
				70BB753D0B3E060A00334A9E /* NAFiltersView.m in Sources */,
				700BD6850B4AEE57006D9F18 /* NAPluginDocument.m in Sources */,
				70351BAF0B4B21150091D42A /* NAPluginController.m in Sources */,
				70351CEE0B4C3E200091D42A /* NAPlugin.m in Sources */,
				70351E1B0B4F11AA0091D42A /* NADecodedPacket.m in Sources */,
				703523A10B530A120091D42A /* NAController.m in Sources */,
				709920550B557DE9004EA2E8 /* NAOutlineView.m in Sources */,
				7050ED920BC78E1F0065F95D /* NAPacketHexView.m in Sources */,
				708BA3A30BCDBC780017C491 /* NAInnerScrollView.m in Sources */,
			);
			runOnlyForDeploymentPostprocessing = 0;
		};
/* End PBXSourcesBuildPhase section */

/* Begin PBXTargetDependency section */
		700BD6A30B4B0BCF006D9F18 /* PBXTargetDependency */ = {
			isa = PBXTargetDependency;
			target = 700BD6410B4AEB9E006D9F18 /* NAPlugin */;
			targetProxy = 700BD6A20B4B0BCF006D9F18 /* PBXContainerItemProxy */;
		};
		70351B5A0B4B18830091D42A /* PBXTargetDependency */ = {
			isa = PBXTargetDependency;
			target = 70351B400B4B165D0091D42A /* IPDecoder */;
			targetProxy = 70351B590B4B18830091D42A /* PBXContainerItemProxy */;
		};
		70351B5C0B4B18870091D42A /* PBXTargetDependency */ = {
			isa = PBXTargetDependency;
			target = 700BD6410B4AEB9E006D9F18 /* NAPlugin */;
			targetProxy = 70351B5B0B4B18870091D42A /* PBXContainerItemProxy */;
		};
		70351C200B4B3E930091D42A /* PBXTargetDependency */ = {
			isa = PBXTargetDependency;
			target = 700BD6410B4AEB9E006D9F18 /* NAPlugin */;
			targetProxy = 70351C1F0B4B3E930091D42A /* PBXContainerItemProxy */;
		};
		70351C360B4B40850091D42A /* PBXTargetDependency */ = {
			isa = PBXTargetDependency;
			target = 70351C190B4B3E620091D42A /* TCPDecoder */;
			targetProxy = 70351C350B4B40850091D42A /* PBXContainerItemProxy */;
		};
		70351CB90B4B457E0091D42A /* PBXTargetDependency */ = {
			isa = PBXTargetDependency;
			target = 700BD6410B4AEB9E006D9F18 /* NAPlugin */;
			targetProxy = 70351CB80B4B457E0091D42A /* PBXContainerItemProxy */;
		};
		70351CC20B4B45930091D42A /* PBXTargetDependency */ = {
			isa = PBXTargetDependency;
			target = 70351CA50B4B44240091D42A /* IPv6Decoder */;
			targetProxy = 70351CC10B4B45930091D42A /* PBXContainerItemProxy */;
		};
		703524E30B5329300091D42A /* PBXTargetDependency */ = {
			isa = PBXTargetDependency;
			target = 703524C90B53283E0091D42A /* ARPDecoder */;
			targetProxy = 703524E20B5329300091D42A /* PBXContainerItemProxy */;
		};
		7080FF3A0B5495EE0079ABA6 /* PBXTargetDependency */ = {
			isa = PBXTargetDependency;
			target = 700BD6410B4AEB9E006D9F18 /* NAPlugin */;
			targetProxy = 7080FF390B5495EE0079ABA6 /* PBXContainerItemProxy */;
		};
		70CCBEB70B54C22F00645A2B /* PBXTargetDependency */ = {
			isa = PBXTargetDependency;
			target = 70CCBE740B54BB4700645A2B /* UDPDecoder */;
			targetProxy = 70CCBEB60B54C22F00645A2B /* PBXContainerItemProxy */;
		};
		70E719E30B3E600F000EC368 /* PBXTargetDependency */ = {
			isa = PBXTargetDependency;
			target = 70E719DC0B3E5FAC000EC368 /* CaptureHelper */;
			targetProxy = 70E719E20B3E600F000EC368 /* PBXContainerItemProxy */;
		};
/* End PBXTargetDependency section */

/* Begin PBXVariantGroup section */
		089C165FFE840EACC02AAC07 /* InfoPlist.strings */ = {
			isa = PBXVariantGroup;
			children = (
				089C1660FE840EACC02AAC07 /* English */,
			);
			name = InfoPlist.strings;
			sourceTree = "<group>";
		};
		2A37F4B4FDCFA73011CA2CEA /* NADocument.nib */ = {
			isa = PBXVariantGroup;
			children = (
				2A37F4B5FDCFA73011CA2CEA /* English */,
			);
			name = NADocument.nib;
			sourceTree = "<group>";
		};
		2A37F4B6FDCFA73011CA2CEA /* MainMenu.nib */ = {
			isa = PBXVariantGroup;
			children = (
				2A37F4B7FDCFA73011CA2CEA /* English */,
			);
			name = MainMenu.nib;
			sourceTree = "<group>";
		};
		2A37F4B9FDCFA73011CA2CEA /* Credits.rtf */ = {
			isa = PBXVariantGroup;
			children = (
				2A37F4BAFDCFA73011CA2CEA /* English */,
			);
			name = Credits.rtf;
			sourceTree = "<group>";
		};
		700C73460B5816750083B786 /* icmpProtocolKeys.strings */ = {
			isa = PBXVariantGroup;
			children = (
				700C73420B58166D0083B786 /* English */,
			);
			name = icmpProtocolKeys.strings;
			sourceTree = "<group>";
		};
		703521B10B52F19F0091D42A /* ethProtocolKeys.strings */ = {
			isa = PBXVariantGroup;
			children = (
				703521AD0B52F1970091D42A /* English */,
			);
			name = ethProtocolKeys.strings;
			sourceTree = "<group>";
		};
		703522440B52F5C70091D42A /* ip6ProtocolKeys.strings */ = {
			isa = PBXVariantGroup;
			children = (
				7035223C0B52F5B30091D42A /* English */,
			);
			name = ip6ProtocolKeys.strings;
			sourceTree = "<group>";
		};
		7035224C0B52F60B0091D42A /* tcpProtocolKeys.strings */ = {
			isa = PBXVariantGroup;
			children = (
				703522480B52F6050091D42A /* English */,
			);
			name = tcpProtocolKeys.strings;
			sourceTree = "<group>";
		};
		703522560B52F63E0091D42A /* ipProtocolKeys.strings */ = {
			isa = PBXVariantGroup;
			children = (
				703522500B52F62F0091D42A /* English */,
			);
			name = ipProtocolKeys.strings;
			sourceTree = "<group>";
		};
		703524D60B5328BD0091D42A /* arpProtocolKeys.strings */ = {
			isa = PBXVariantGroup;
			children = (
				703524D20B5328B60091D42A /* English */,
			);
			name = arpProtocolKeys.strings;
			sourceTree = "<group>";
		};
		70CCBE830B54BC0E00645A2B /* udpProtocolKeys.strings */ = {
			isa = PBXVariantGroup;
			children = (
				70CCBE7F0B54BC0600645A2B /* English */,
			);
			name = udpProtocolKeys.strings;
			sourceTree = "<group>";
		};
/* End PBXVariantGroup section */

/* Begin XCBuildConfiguration section */
		700BD6450B4AEB9F006D9F18 /* Debug */ = {
			isa = XCBuildConfiguration;
			buildSettings = {
				COPY_PHASE_STRIP = NO;
				DYLIB_COMPATIBILITY_VERSION = 1;
				DYLIB_CURRENT_VERSION = 1;
				FRAMEWORK_VERSION = A;
				GCC_DYNAMIC_NO_PIC = NO;
				GCC_ENABLE_FIX_AND_CONTINUE = YES;
				GCC_GENERATE_DEBUGGING_SYMBOLS = YES;
				GCC_MODEL_TUNING = G5;
				GCC_OPTIMIZATION_LEVEL = 0;
				GCC_PRECOMPILE_PREFIX_HEADER = YES;
				GCC_PREFIX_HEADER = "$(SYSTEM_LIBRARY_DIR)/Frameworks/AppKit.framework/Headers/AppKit.h";
				INFOPLIST_FILE = "NAPlugin-Info.plist";
				INSTALL_PATH = "$(HOME)/Library/Frameworks";
				OTHER_LDFLAGS = (
					"-framework",
					Foundation,
					"-framework",
					AppKit,
				);
				PREBINDING = NO;
				PRODUCT_NAME = NAPlugin;
				ZERO_LINK = YES;
			};
			name = Debug;
		};
		700BD6460B4AEB9F006D9F18 /* Release */ = {
			isa = XCBuildConfiguration;
			buildSettings = {
				COPY_PHASE_STRIP = YES;
				DYLIB_COMPATIBILITY_VERSION = 1;
				DYLIB_CURRENT_VERSION = 1;
				FRAMEWORK_VERSION = A;
				GCC_ENABLE_FIX_AND_CONTINUE = NO;
				GCC_GENERATE_DEBUGGING_SYMBOLS = NO;
				GCC_MODEL_TUNING = G5;
				GCC_PRECOMPILE_PREFIX_HEADER = YES;
				GCC_PREFIX_HEADER = "$(SYSTEM_LIBRARY_DIR)/Frameworks/AppKit.framework/Headers/AppKit.h";
				INFOPLIST_FILE = "NAPlugin-Info.plist";
				INSTALL_PATH = "@executable_path/../Frameworks";
				OTHER_LDFLAGS = (
					"-framework",
					Foundation,
					"-framework",
					AppKit,
				);
				PREBINDING = NO;
				PRODUCT_NAME = NAPlugin;
				ZERO_LINK = NO;
			};
			name = Release;
		};
		700C73340B58159D0083B786 /* Debug */ = {
			isa = XCBuildConfiguration;
			buildSettings = {
				COPY_PHASE_STRIP = NO;
				FRAMEWORK_SEARCH_PATHS = (
					"$(inherited)",
					"@executable_path/../Frameworks",
				);
				GCC_DYNAMIC_NO_PIC = NO;
				GCC_ENABLE_FIX_AND_CONTINUE = YES;
				GCC_GENERATE_DEBUGGING_SYMBOLS = YES;
				GCC_MODEL_TUNING = G5;
				GCC_OPTIMIZATION_LEVEL = 0;
				GCC_PRECOMPILE_PREFIX_HEADER = YES;
				GCC_PREFIX_HEADER = "$(SYSTEM_LIBRARY_DIR)/Frameworks/AppKit.framework/Headers/AppKit.h";
				INFOPLIST_FILE = "ICMPDecoder-Info.plist";
				INSTALL_PATH = "$(HOME)/Library/Bundles";
				OTHER_LDFLAGS = (
					"-framework",
					Foundation,
					"-framework",
					AppKit,
					"-framework",
					NAPlugin,
				);
				PREBINDING = NO;
				PRODUCT_NAME = ICMPDecoder;
				WRAPPER_EXTENSION = naplugin;
				ZERO_LINK = YES;
			};
			name = Debug;
		};
		700C73350B58159D0083B786 /* Release */ = {
			isa = XCBuildConfiguration;
			buildSettings = {
				COPY_PHASE_STRIP = YES;
				FRAMEWORK_SEARCH_PATHS = (
					"$(inherited)",
					"@executable_path/../Frameworks",
				);
				GCC_ENABLE_FIX_AND_CONTINUE = NO;
				GCC_GENERATE_DEBUGGING_SYMBOLS = NO;
				GCC_MODEL_TUNING = G5;
				GCC_PRECOMPILE_PREFIX_HEADER = YES;
				GCC_PREFIX_HEADER = "$(SYSTEM_LIBRARY_DIR)/Frameworks/AppKit.framework/Headers/AppKit.h";
				INFOPLIST_FILE = "ICMPDecoder-Info.plist";
				INSTALL_PATH = "$(HOME)/Library/Bundles";
				OTHER_LDFLAGS = (
					"-framework",
					Foundation,
					"-framework",
					AppKit,
					"-framework",
					NAPlugin,
				);
				PREBINDING = NO;
				PRODUCT_NAME = ICMPDecoder;
				WRAPPER_EXTENSION = bundle;
				ZERO_LINK = NO;
			};
			name = Release;
		};
		70303E8B0B3A07830034D4FA /* Debug */ = {
			isa = XCBuildConfiguration;
			buildSettings = {
				COPY_PHASE_STRIP = NO;
				GCC_DYNAMIC_NO_PIC = NO;
				GCC_ENABLE_FIX_AND_CONTINUE = NO;
				GCC_ENABLE_OBJC_EXCEPTIONS = YES;
				GCC_GENERATE_DEBUGGING_SYMBOLS = YES;
				GCC_MODEL_TUNING = G5;
				GCC_OPTIMIZATION_LEVEL = 0;
				GCC_PRECOMPILE_PREFIX_HEADER = YES;
				GCC_PREFIX_HEADER = "$(SYSTEM_LIBRARY_DIR)/Frameworks/Cocoa.framework/Headers/Cocoa.h";
				INFOPLIST_FILE = "Unit Tests-Info.plist";
				INSTALL_PATH = "$(USER_LIBRARY_DIR)/Bundles";
				OTHER_LDFLAGS = (
					"-framework",
					Cocoa,
					"-framework",
					SenTestingKit,
				);
				PREBINDING = NO;
				PRODUCT_NAME = "Unit Tests";
				WRAPPER_EXTENSION = octest;
				ZERO_LINK = NO;
			};
			name = Debug;
		};
		70303E8C0B3A07830034D4FA /* Release */ = {
			isa = XCBuildConfiguration;
			buildSettings = {
				COPY_PHASE_STRIP = YES;
				GCC_ENABLE_FIX_AND_CONTINUE = NO;
				GCC_ENABLE_OBJC_EXCEPTIONS = YES;
				GCC_GENERATE_DEBUGGING_SYMBOLS = NO;
				GCC_MODEL_TUNING = G5;
				GCC_PRECOMPILE_PREFIX_HEADER = YES;
				GCC_PREFIX_HEADER = "$(SYSTEM_LIBRARY_DIR)/Frameworks/Cocoa.framework/Headers/Cocoa.h";
				INFOPLIST_FILE = "Unit Tests-Info.plist";
				INSTALL_PATH = "$(USER_LIBRARY_DIR)/Bundles";
				OTHER_LDFLAGS = (
					"-framework",
					Cocoa,
					"-framework",
					SenTestingKit,
				);
				PREBINDING = NO;
				PRODUCT_NAME = "Unit Tests";
				WRAPPER_EXTENSION = octest;
				ZERO_LINK = NO;
			};
			name = Release;
		};
		70351B440B4B165E0091D42A /* Debug */ = {
			isa = XCBuildConfiguration;
			buildSettings = {
				COPY_PHASE_STRIP = NO;
				GCC_DYNAMIC_NO_PIC = NO;
				GCC_ENABLE_FIX_AND_CONTINUE = YES;
				GCC_GENERATE_DEBUGGING_SYMBOLS = YES;
				GCC_MODEL_TUNING = G5;
				GCC_OPTIMIZATION_LEVEL = 0;
				GCC_PRECOMPILE_PREFIX_HEADER = YES;
				GCC_PREFIX_HEADER = "$(SYSTEM_LIBRARY_DIR)/Frameworks/AppKit.framework/Headers/AppKit.h";
				GCC_PREPROCESSOR_DEFINITIONS = (
					"$(inherited)",
					"DEBUG=1",
				);
				INFOPLIST_FILE = "IPDecoder-Info.plist";
				INSTALL_PATH = "$(HOME)/Library/Bundles";
				OTHER_LDFLAGS = (
					"-framework",
					Foundation,
					"-framework",
					AppKit,
					"-framework",
					NAPlugin,
				);
				PREBINDING = NO;
				PRODUCT_NAME = IPDecoder;
				WRAPPER_EXTENSION = naplugin;
				ZERO_LINK = YES;
			};
			name = Debug;
		};
		70351B450B4B165E0091D42A /* Release */ = {
			isa = XCBuildConfiguration;
			buildSettings = {
				COPY_PHASE_STRIP = YES;
				FRAMEWORK_SEARCH_PATHS = (
					"$(inherited)",
					"@executable_path/../Frameworks",
				);
				GCC_ENABLE_FIX_AND_CONTINUE = NO;
				GCC_GENERATE_DEBUGGING_SYMBOLS = NO;
				GCC_MODEL_TUNING = G5;
				GCC_PRECOMPILE_PREFIX_HEADER = YES;
				GCC_PREFIX_HEADER = "$(SYSTEM_LIBRARY_DIR)/Frameworks/AppKit.framework/Headers/AppKit.h";
				INFOPLIST_FILE = "IPDecoder-Info.plist";
				INSTALL_PATH = "$(HOME)/Library/Bundles";
				OTHER_LDFLAGS = (
					"-framework",
					Foundation,
					"-framework",
					AppKit,
					"-framework",
					NAPlugin,
				);
				PREBINDING = NO;
				PRODUCT_NAME = IPDecoder;
				WRAPPER_EXTENSION = naplugin;
				ZERO_LINK = NO;
			};
			name = Release;
		};
		70351C1D0B4B3E630091D42A /* Debug */ = {
			isa = XCBuildConfiguration;
			buildSettings = {
				COPY_PHASE_STRIP = NO;
				GCC_DYNAMIC_NO_PIC = NO;
				GCC_ENABLE_FIX_AND_CONTINUE = YES;
				GCC_GENERATE_DEBUGGING_SYMBOLS = YES;
				GCC_MODEL_TUNING = G5;
				GCC_OPTIMIZATION_LEVEL = 0;
				GCC_PRECOMPILE_PREFIX_HEADER = YES;
				GCC_PREFIX_HEADER = "$(SYSTEM_LIBRARY_DIR)/Frameworks/AppKit.framework/Headers/AppKit.h";
				INFOPLIST_FILE = "TCPDecoder-Info.plist";
				INSTALL_PATH = "$(HOME)/Library/Bundles";
				OTHER_LDFLAGS = (
					"-framework",
					Foundation,
					"-framework",
					AppKit,
					"-framework",
					NAPlugin,
				);
				PREBINDING = NO;
				PRODUCT_NAME = TCPDecoder;
				WRAPPER_EXTENSION = naplugin;
				ZERO_LINK = YES;
			};
			name = Debug;
		};
		70351C1E0B4B3E630091D42A /* Release */ = {
			isa = XCBuildConfiguration;
			buildSettings = {
				COPY_PHASE_STRIP = YES;
				FRAMEWORK_SEARCH_PATHS = "@executable_path/../Frameworks";
				GCC_ENABLE_FIX_AND_CONTINUE = NO;
				GCC_GENERATE_DEBUGGING_SYMBOLS = NO;
				GCC_MODEL_TUNING = G5;
				GCC_PRECOMPILE_PREFIX_HEADER = YES;
				GCC_PREFIX_HEADER = "$(SYSTEM_LIBRARY_DIR)/Frameworks/AppKit.framework/Headers/AppKit.h";
				INFOPLIST_FILE = "TCPDecoder-Info.plist";
				INSTALL_PATH = "$(HOME)/Library/Bundles";
				OTHER_LDFLAGS = (
					"-framework",
					Foundation,
					"-framework",
					AppKit,
					"-framework",
					NAPlugin,
				);
				PREBINDING = NO;
				PRODUCT_NAME = TCPDecoder;
				WRAPPER_EXTENSION = naplugin;
				ZERO_LINK = NO;
			};
			name = Release;
		};
		70351CA90B4B44240091D42A /* Debug */ = {
			isa = XCBuildConfiguration;
			buildSettings = {
				COPY_PHASE_STRIP = NO;
				GCC_DYNAMIC_NO_PIC = NO;
				GCC_ENABLE_FIX_AND_CONTINUE = YES;
				GCC_GENERATE_DEBUGGING_SYMBOLS = YES;
				GCC_MODEL_TUNING = G5;
				GCC_OPTIMIZATION_LEVEL = 0;
				GCC_PRECOMPILE_PREFIX_HEADER = YES;
				GCC_PREFIX_HEADER = "$(SYSTEM_LIBRARY_DIR)/Frameworks/AppKit.framework/Headers/AppKit.h";
				INFOPLIST_FILE = "IPv6Decoder-Info.plist";
				INSTALL_PATH = "$(HOME)/Library/Bundles";
				OTHER_LDFLAGS = (
					"-framework",
					Foundation,
					"-framework",
					AppKit,
					"-framework",
					NAPlugin,
				);
				PREBINDING = NO;
				PRODUCT_NAME = IPv6Decoder;
				WRAPPER_EXTENSION = naplugin;
				ZERO_LINK = YES;
			};
			name = Debug;
		};
		70351CAA0B4B44240091D42A /* Release */ = {
			isa = XCBuildConfiguration;
			buildSettings = {
				COPY_PHASE_STRIP = YES;
				FRAMEWORK_SEARCH_PATHS = (
					"$(inherited)",
					"@executable_path/../Frameworks",
				);
				GCC_ENABLE_FIX_AND_CONTINUE = NO;
				GCC_GENERATE_DEBUGGING_SYMBOLS = NO;
				GCC_MODEL_TUNING = G5;
				GCC_PRECOMPILE_PREFIX_HEADER = YES;
				GCC_PREFIX_HEADER = "$(SYSTEM_LIBRARY_DIR)/Frameworks/AppKit.framework/Headers/AppKit.h";
				INFOPLIST_FILE = "IPv6Decoder-Info.plist";
				INSTALL_PATH = "$(HOME)/Library/Bundles";
				OTHER_LDFLAGS = (
					"-framework",
					Foundation,
					"-framework",
					AppKit,
					"-framework",
					NAPlugin,
				);
				PREBINDING = NO;
				PRODUCT_NAME = IPv6Decoder;
				WRAPPER_EXTENSION = naplugin;
				ZERO_LINK = NO;
			};
			name = Release;
		};
		703524CF0B53288A0091D42A /* Debug */ = {
			isa = XCBuildConfiguration;
			buildSettings = {
				COPY_PHASE_STRIP = NO;
				FRAMEWORK_SEARCH_PATHS = (
					"$(inherited)",
					"@executable_path/../Frameworks",
				);
				GCC_DYNAMIC_NO_PIC = NO;
				GCC_ENABLE_FIX_AND_CONTINUE = YES;
				GCC_GENERATE_DEBUGGING_SYMBOLS = YES;
				GCC_MODEL_TUNING = G5;
				GCC_OPTIMIZATION_LEVEL = 0;
				GCC_PRECOMPILE_PREFIX_HEADER = YES;
				GCC_PREFIX_HEADER = "$(SYSTEM_LIBRARY_DIR)/Frameworks/AppKit.framework/Headers/AppKit.h";
				INFOPLIST_FILE = "ARPDecoder-Info.plist";
				INSTALL_PATH = "$(HOME)/Library/Bundles";
				OTHER_LDFLAGS = (
					"-framework",
					Foundation,
					"-framework",
					AppKit,
					"-framework",
					NAPlugin,
				);
				PREBINDING = NO;
				PRODUCT_NAME = ARPDecoder;
				WRAPPER_EXTENSION = naplugin;
				ZERO_LINK = YES;
			};
			name = Debug;
		};
		703524D00B53288A0091D42A /* Release */ = {
			isa = XCBuildConfiguration;
			buildSettings = {
				COPY_PHASE_STRIP = YES;
				FRAMEWORK_SEARCH_PATHS = (
					"$(inherited)",
					"@executable_path/../Frameworks",
				);
				GCC_ENABLE_FIX_AND_CONTINUE = NO;
				GCC_GENERATE_DEBUGGING_SYMBOLS = NO;
				GCC_MODEL_TUNING = G5;
				GCC_PRECOMPILE_PREFIX_HEADER = YES;
				GCC_PREFIX_HEADER = "$(SYSTEM_LIBRARY_DIR)/Frameworks/AppKit.framework/Headers/AppKit.h";
				INFOPLIST_FILE = "ARPDecoder-Info.plist";
				INSTALL_PATH = "$(HOME)/Library/Bundles";
				OTHER_LDFLAGS = (
					"-framework",
					Foundation,
					"-framework",
					AppKit,
					"-framework",
					NAPlugin,
				);
				PREBINDING = NO;
				PRODUCT_NAME = ARPDecoder;
				WRAPPER_EXTENSION = naplugin;
				ZERO_LINK = NO;
			};
			name = Release;
		};
		70CCBE780B54BB4900645A2B /* Debug */ = {
			isa = XCBuildConfiguration;
			buildSettings = {
				COPY_PHASE_STRIP = NO;
				FRAMEWORK_SEARCH_PATHS = (
					"$(inherited)",
					"@executable_path/../Frameworks",
				);
				GCC_DYNAMIC_NO_PIC = NO;
				GCC_ENABLE_FIX_AND_CONTINUE = YES;
				GCC_GENERATE_DEBUGGING_SYMBOLS = YES;
				GCC_MODEL_TUNING = G5;
				GCC_OPTIMIZATION_LEVEL = 0;
				GCC_PRECOMPILE_PREFIX_HEADER = YES;
				GCC_PREFIX_HEADER = "$(SYSTEM_LIBRARY_DIR)/Frameworks/AppKit.framework/Headers/AppKit.h";
				GCC_PREPROCESSOR_DEFINITIONS = (
					"$(inherited)",
					"DEBUG=1",
				);
				INFOPLIST_FILE = "UDPDecoder-Info.plist";
				INSTALL_PATH = "$(HOME)/Library/Bundles";
				OTHER_LDFLAGS = (
					"-framework",
					Foundation,
					"-framework",
					AppKit,
					"-framework",
					NAPlugin,
				);
				PREBINDING = NO;
				PRODUCT_NAME = UDPDecoder;
				WRAPPER_EXTENSION = naplugin;
				ZERO_LINK = YES;
			};
			name = Debug;
		};
		70CCBE790B54BB4900645A2B /* Release */ = {
			isa = XCBuildConfiguration;
			buildSettings = {
				COPY_PHASE_STRIP = YES;
				FRAMEWORK_SEARCH_PATHS = (
					"$(inherited)",
					"@executable_path/../Frameworks",
				);
				GCC_ENABLE_FIX_AND_CONTINUE = NO;
				GCC_GENERATE_DEBUGGING_SYMBOLS = NO;
				GCC_MODEL_TUNING = G5;
				GCC_PRECOMPILE_PREFIX_HEADER = YES;
				GCC_PREFIX_HEADER = "$(SYSTEM_LIBRARY_DIR)/Frameworks/AppKit.framework/Headers/AppKit.h";
				INFOPLIST_FILE = "UDPDecoder-Info.plist";
				INSTALL_PATH = "$(HOME)/Library/Bundles";
				OTHER_LDFLAGS = (
					"-framework",
					Foundation,
					"-framework",
					AppKit,
					"-framework",
					NAPlugin,
				);
				PREBINDING = NO;
				PRODUCT_NAME = UDPDecoder;
				WRAPPER_EXTENSION = naplugin;
				ZERO_LINK = NO;
			};
			name = Release;
		};
		70E719E00B3E5FCB000EC368 /* Debug */ = {
			isa = XCBuildConfiguration;
			buildSettings = {
				COPY_PHASE_STRIP = NO;
				GCC_DYNAMIC_NO_PIC = NO;
				GCC_ENABLE_FIX_AND_CONTINUE = YES;
				GCC_GENERATE_DEBUGGING_SYMBOLS = YES;
				GCC_MODEL_TUNING = G5;
				GCC_OPTIMIZATION_LEVEL = 0;
				GCC_PREPROCESSOR_DEFINITIONS = (
					"DEBUG=1",
					"$(inherited)",
				);
				INSTALL_PATH = "$(HOME)/bin";
				OTHER_LDFLAGS = "-lpcap";
				PREBINDING = NO;
				PRODUCT_NAME = CaptureHelper;
				ZERO_LINK = NO;
			};
			name = Debug;
		};
		70E719E10B3E5FCB000EC368 /* Release */ = {
			isa = XCBuildConfiguration;
			buildSettings = {
				COPY_PHASE_STRIP = YES;
				GCC_ENABLE_FIX_AND_CONTINUE = NO;
				GCC_GENERATE_DEBUGGING_SYMBOLS = NO;
				GCC_MODEL_TUNING = G5;
				INSTALL_PATH = "$(HOME)/bin";
				OTHER_LDFLAGS = "-lpcap";
				PREBINDING = NO;
				PRODUCT_NAME = CaptureHelper;
				ZERO_LINK = NO;
			};
			name = Release;
		};
		C05733C808A9546B00998B17 /* Debug */ = {
			isa = XCBuildConfiguration;
			buildSettings = {
				COPY_PHASE_STRIP = NO;
				FRAMEWORK_SEARCH_PATHS = (
					"$(inherited)",
					"$(FRAMEWORK_SEARCH_PATHS_QUOTED_1)",
				);
				FRAMEWORK_SEARCH_PATHS_QUOTED_1 = "\"$(SRCROOT)/build/Debug\"";
				GCC_DYNAMIC_NO_PIC = NO;
				GCC_ENABLE_FIX_AND_CONTINUE = YES;
				GCC_ENABLE_OBJC_EXCEPTIONS = YES;
				GCC_MODEL_TUNING = G5;
				GCC_OPTIMIZATION_LEVEL = 0;
				GCC_PREPROCESSOR_DEFINITIONS = (
					"$(inherited)",
					"DEBUG=1",
				);
				INFOPLIST_FILE = Info.plist;
				INSTALL_PATH = "$(HOME)/Applications";
				OTHER_LDFLAGS = "-lpcap";
				PRODUCT_NAME = "Network Analyzer";
				WRAPPER_EXTENSION = app;
				ZERO_LINK = YES;
			};
			name = Debug;
		};
		C05733C908A9546B00998B17 /* Release */ = {
			isa = XCBuildConfiguration;
			buildSettings = {
				ARCHS = (
					ppc,
					i386,
				);
				FRAMEWORK_SEARCH_PATHS = (
					"$(inherited)",
					"@executable_path/../Frameworks",
				);
				FRAMEWORK_SEARCH_PATHS_QUOTED_1 = "\"$(SRCROOT)/build/Debug\"";
				GCC_ENABLE_OBJC_EXCEPTIONS = YES;
				GCC_GENERATE_DEBUGGING_SYMBOLS = NO;
				GCC_MODEL_TUNING = G5;
				INFOPLIST_FILE = Info.plist;
				INSTALL_PATH = "$(HOME)/Applications";
				OTHER_LDFLAGS = "-lpcap";
				PRODUCT_NAME = "Network Analyzer";
				WRAPPER_EXTENSION = app;
			};
			name = Release;
		};
		C05733CC08A9546B00998B17 /* Debug */ = {
			isa = XCBuildConfiguration;
			buildSettings = {
				GCC_WARN_ABOUT_RETURN_TYPE = YES;
				GCC_WARN_UNUSED_VARIABLE = YES;
				PREBINDING = NO;
				SDKROOT = /Developer/SDKs/MacOSX10.4u.sdk;
			};
			name = Debug;
		};
		C05733CD08A9546B00998B17 /* Release */ = {
			isa = XCBuildConfiguration;
			buildSettings = {
				ARCHS = (
					ppc,
					i386,
				);
				GCC_WARN_ABOUT_RETURN_TYPE = YES;
				GCC_WARN_UNUSED_VARIABLE = YES;
				PREBINDING = NO;
				SDKROOT = /Developer/SDKs/MacOSX10.4u.sdk;
			};
			name = Release;
		};
/* End XCBuildConfiguration section */

/* Begin XCConfigurationList section */
		700BD6440B4AEB9F006D9F18 /* Build configuration list for PBXNativeTarget "NAPlugin" */ = {
			isa = XCConfigurationList;
			buildConfigurations = (
				700BD6450B4AEB9F006D9F18 /* Debug */,
				700BD6460B4AEB9F006D9F18 /* Release */,
			);
			defaultConfigurationIsVisible = 0;
			defaultConfigurationName = Release;
		};
		700C73330B58159D0083B786 /* Build configuration list for PBXNativeTarget "ICMPDecoder" */ = {
			isa = XCConfigurationList;
			buildConfigurations = (
				700C73340B58159D0083B786 /* Debug */,
				700C73350B58159D0083B786 /* Release */,
			);
			defaultConfigurationIsVisible = 0;
			defaultConfigurationName = Release;
		};
		70303E8A0B3A07830034D4FA /* Build configuration list for PBXNativeTarget "Unit Tests" */ = {
			isa = XCConfigurationList;
			buildConfigurations = (
				70303E8B0B3A07830034D4FA /* Debug */,
				70303E8C0B3A07830034D4FA /* Release */,
			);
			defaultConfigurationIsVisible = 0;
			defaultConfigurationName = Release;
		};
		70351B430B4B165E0091D42A /* Build configuration list for PBXNativeTarget "IPDecoder" */ = {
			isa = XCConfigurationList;
			buildConfigurations = (
				70351B440B4B165E0091D42A /* Debug */,
				70351B450B4B165E0091D42A /* Release */,
			);
			defaultConfigurationIsVisible = 0;
			defaultConfigurationName = Release;
		};
		70351C1C0B4B3E630091D42A /* Build configuration list for PBXNativeTarget "TCPDecoder" */ = {
			isa = XCConfigurationList;
			buildConfigurations = (
				70351C1D0B4B3E630091D42A /* Debug */,
				70351C1E0B4B3E630091D42A /* Release */,
			);
			defaultConfigurationIsVisible = 0;
			defaultConfigurationName = Release;
		};
		70351CA80B4B44240091D42A /* Build configuration list for PBXNativeTarget "IPv6Decoder" */ = {
			isa = XCConfigurationList;
			buildConfigurations = (
				70351CA90B4B44240091D42A /* Debug */,
				70351CAA0B4B44240091D42A /* Release */,
			);
			defaultConfigurationIsVisible = 0;
			defaultConfigurationName = Release;
		};
		703524CE0B53288A0091D42A /* Build configuration list for PBXNativeTarget "ARPDecoder" */ = {
			isa = XCConfigurationList;
			buildConfigurations = (
				703524CF0B53288A0091D42A /* Debug */,
				703524D00B53288A0091D42A /* Release */,
			);
			defaultConfigurationIsVisible = 0;
			defaultConfigurationName = Release;
		};
		70CCBE770B54BB4900645A2B /* Build configuration list for PBXNativeTarget "UDPDecoder" */ = {
			isa = XCConfigurationList;
			buildConfigurations = (
				70CCBE780B54BB4900645A2B /* Debug */,
				70CCBE790B54BB4900645A2B /* Release */,
			);
			defaultConfigurationIsVisible = 0;
			defaultConfigurationName = Release;
		};
		70E719DF0B3E5FCB000EC368 /* Build configuration list for PBXNativeTarget "CaptureHelper" */ = {
			isa = XCConfigurationList;
			buildConfigurations = (
				70E719E00B3E5FCB000EC368 /* Debug */,
				70E719E10B3E5FCB000EC368 /* Release */,
			);
			defaultConfigurationIsVisible = 0;
			defaultConfigurationName = Release;
		};
		C05733C708A9546B00998B17 /* Build configuration list for PBXNativeTarget "Network Analyzer" */ = {
			isa = XCConfigurationList;
			buildConfigurations = (
				C05733C808A9546B00998B17 /* Debug */,
				C05733C908A9546B00998B17 /* Release */,
			);
			defaultConfigurationIsVisible = 0;
			defaultConfigurationName = Release;
		};
		C05733CB08A9546B00998B17 /* Build configuration list for PBXProject "Network Analyzer" */ = {
			isa = XCConfigurationList;
			buildConfigurations = (
				C05733CC08A9546B00998B17 /* Debug */,
				C05733CD08A9546B00998B17 /* Release */,
			);
			defaultConfigurationIsVisible = 0;
			defaultConfigurationName = Release;
		};
/* End XCConfigurationList section */
	};
	rootObject = 2A37F4A9FDCFA73011CA2CEA /* Project object */;
}
